// !$*UTF8*$!
{
	archiveVersion = 1;
	classes = {
	};
	objectVersion = 46;
	objects = {

/* Begin PBXBuildFile section */
		3527DF3F1DBDFCF20097A085 /* XLsn0wAnimation.m in Sources */ = {isa = PBXBuildFile; fileRef = 3527DF3E1DBDFCF20097A085 /* XLsn0wAnimation.m */; };
		352DE78F1D7D5E9700C5E109 /* XLsn0wKit.podspec in Resources */ = {isa = PBXBuildFile; fileRef = 352DE76F1D7D5E9700C5E109 /* XLsn0wKit.podspec */; };
		352DE7971D7D5EFD00C5E109 /* XLsn0wKit.bundle in Resources */ = {isa = PBXBuildFile; fileRef = 352DE7961D7D5EFD00C5E109 /* XLsn0wKit.bundle */; };
		352DE7991D7D5F8200C5E109 /* libz.tbd in Frameworks */ = {isa = PBXBuildFile; fileRef = 352DE7981D7D5F8200C5E109 /* libz.tbd */; };
		352DE79B1D7D5F8800C5E109 /* libsqlite3.tbd in Frameworks */ = {isa = PBXBuildFile; fileRef = 352DE79A1D7D5F8800C5E109 /* libsqlite3.tbd */; };
		352DE79D1D7D5F9B00C5E109 /* CoreText.framework in Frameworks */ = {isa = PBXBuildFile; fileRef = 352DE79C1D7D5F9B00C5E109 /* CoreText.framework */; };
		352DE79F1D7D5FAB00C5E109 /* CoreGraphics.framework in Frameworks */ = {isa = PBXBuildFile; fileRef = 352DE79E1D7D5FAB00C5E109 /* CoreGraphics.framework */; };
		352DE7A11D7D5FB000C5E109 /* UIKit.framework in Frameworks */ = {isa = PBXBuildFile; fileRef = 352DE7A01D7D5FB000C5E109 /* UIKit.framework */; };
		352DE7A31D7D5FB700C5E109 /* Foundation.framework in Frameworks */ = {isa = PBXBuildFile; fileRef = 352DE7A21D7D5FB700C5E109 /* Foundation.framework */; };
		352DE7A51D7D5FD800C5E109 /* QuartzCore.framework in Frameworks */ = {isa = PBXBuildFile; fileRef = 352DE7A41D7D5FD800C5E109 /* QuartzCore.framework */; };
		352DE7A71D7D5FDD00C5E109 /* CoreImage.framework in Frameworks */ = {isa = PBXBuildFile; fileRef = 352DE7A61D7D5FDD00C5E109 /* CoreImage.framework */; };
		352DE7A91D7D5FEA00C5E109 /* ImageIO.framework in Frameworks */ = {isa = PBXBuildFile; fileRef = 352DE7A81D7D5FEA00C5E109 /* ImageIO.framework */; };
		352DE7AB1D7D5FED00C5E109 /* AssetsLibrary.framework in Frameworks */ = {isa = PBXBuildFile; fileRef = 352DE7AA1D7D5FED00C5E109 /* AssetsLibrary.framework */; };
		352DE7AD1D7D5FFB00C5E109 /* Accelerate.framework in Frameworks */ = {isa = PBXBuildFile; fileRef = 352DE7AC1D7D5FFB00C5E109 /* Accelerate.framework */; };
		352DE7AF1D7D600500C5E109 /* MobileCoreServices.framework in Frameworks */ = {isa = PBXBuildFile; fileRef = 352DE7AE1D7D600500C5E109 /* MobileCoreServices.framework */; };
		352DE7B11D7D600E00C5E109 /* SystemConfiguration.framework in Frameworks */ = {isa = PBXBuildFile; fileRef = 352DE7B01D7D600E00C5E109 /* SystemConfiguration.framework */; };
		3558A5C61DFE8C8C00CE7CEA /* NSObject+GetCurrentScreenViewController.m in Sources */ = {isa = PBXBuildFile; fileRef = 3558A5C51DFE8C8C00CE7CEA /* NSObject+GetCurrentScreenViewController.m */; };
		355CD5AB1DCEF9A500AD8096 /* XLsn0wFilterMenu.m in Sources */ = {isa = PBXBuildFile; fileRef = 355CD5AA1DCEF9A500AD8096 /* XLsn0wFilterMenu.m */; };
		356DD8C61D8546AC000BDB95 /* ViewController.m in Sources */ = {isa = PBXBuildFile; fileRef = 356DD8C41D8546AC000BDB95 /* ViewController.m */; };
		356DD8C71D8546AC000BDB95 /* Main.storyboard in Resources */ = {isa = PBXBuildFile; fileRef = 356DD8C51D8546AC000BDB95 /* Main.storyboard */; };
		357822201E022C3100B47D71 /* UINavigationController+AddXLsn0wShouldAutorotate.m in Sources */ = {isa = PBXBuildFile; fileRef = 3578221F1E022C3100B47D71 /* UINavigationController+AddXLsn0wShouldAutorotate.m */; };
		357822271E022C7100B47D71 /* UIViewController+AddIsAutorotate.m in Sources */ = {isa = PBXBuildFile; fileRef = 357822261E022C7100B47D71 /* UIViewController+AddIsAutorotate.m */; };
		357AE0AE1DB8F28200B87510 /* XLsn0wSegmentedBar.m in Sources */ = {isa = PBXBuildFile; fileRef = 357AE0AD1DB8F28200B87510 /* XLsn0wSegmentedBar.m */; };
		357CF8C31E00DF100009FE07 /* NSObject+XLsn0wKit.m in Sources */ = {isa = PBXBuildFile; fileRef = 357CF8C11E00DF100009FE07 /* NSObject+XLsn0wKit.m */; };
		357CF8CB1E00DF4D0009FE07 /* UIImage+XLsn0wKit.m in Sources */ = {isa = PBXBuildFile; fileRef = 357CF8CA1E00DF4D0009FE07 /* UIImage+XLsn0wKit.m */; };
		357CF8CE1E00DF5B0009FE07 /* UIViewController+XLsn0wKit.m in Sources */ = {isa = PBXBuildFile; fileRef = 357CF8CD1E00DF5B0009FE07 /* UIViewController+XLsn0wKit.m */; };
		357CF8D21E00DF7F0009FE07 /* UIView+XLsn0wKit.m in Sources */ = {isa = PBXBuildFile; fileRef = 357CF8D11E00DF7F0009FE07 /* UIView+XLsn0wKit.m */; };
		357CF8D61E00DFAE0009FE07 /* UIDevice+XLsn0wKit.m in Sources */ = {isa = PBXBuildFile; fileRef = 357CF8D51E00DFAE0009FE07 /* UIDevice+XLsn0wKit.m */; };
		357CF8DA1E00DFB60009FE07 /* UIImageView+XLsn0wKit.m in Sources */ = {isa = PBXBuildFile; fileRef = 357CF8D91E00DFB60009FE07 /* UIImageView+XLsn0wKit.m */; };
		357CF8DE1E00E0F50009FE07 /* XLsn0wTopSlider.m in Sources */ = {isa = PBXBuildFile; fileRef = 357CF8DD1E00E0F50009FE07 /* XLsn0wTopSlider.m */; };
		3582BFA41DFA82C800B1512D /* XLsn0wVersionManager.m in Sources */ = {isa = PBXBuildFile; fileRef = 3582BFA31DFA82C800B1512D /* XLsn0wVersionManager.m */; };
		3582BFB01DFA845000B1512D /* XLsn0wTextView.m in Sources */ = {isa = PBXBuildFile; fileRef = 3582BFAF1DFA845000B1512D /* XLsn0wTextView.m */; };
		3582BFB91DFA86C900B1512D /* UIButton+ImageTitleLayout.m in Sources */ = {isa = PBXBuildFile; fileRef = 3582BFB51DFA86C900B1512D /* UIButton+ImageTitleLayout.m */; };
		3582BFBA1DFA86C900B1512D /* UIButton+XLsn0wBadge.m in Sources */ = {isa = PBXBuildFile; fileRef = 3582BFB71DFA86C900B1512D /* UIButton+XLsn0wBadge.m */; };
		358D3EDF1D7AE27E00ADE778 /* main.m in Sources */ = {isa = PBXBuildFile; fileRef = 358D3EDE1D7AE27E00ADE778 /* main.m */; };
		358D3EE21D7AE27E00ADE778 /* AppDelegate.m in Sources */ = {isa = PBXBuildFile; fileRef = 358D3EE11D7AE27E00ADE778 /* AppDelegate.m */; };
		358D3EEA1D7AE27E00ADE778 /* Assets.xcassets in Resources */ = {isa = PBXBuildFile; fileRef = 358D3EE91D7AE27E00ADE778 /* Assets.xcassets */; };
		358D3EED1D7AE27E00ADE778 /* LaunchScreen.storyboard in Resources */ = {isa = PBXBuildFile; fileRef = 358D3EEB1D7AE27E00ADE778 /* LaunchScreen.storyboard */; };
		35A78C551DAB7F9200D9D180 /* XLsn0wClassMethods.m in Sources */ = {isa = PBXBuildFile; fileRef = 35A78C531DAB7F9200D9D180 /* XLsn0wClassMethods.m */; };
		35A78C581DAB7FA200D9D180 /* XLsn0wInstanceMethods.m in Sources */ = {isa = PBXBuildFile; fileRef = 35A78C561DAB7FA200D9D180 /* XLsn0wInstanceMethods.m */; };
		35A78C941DAB809000D9D180 /* UITableView+XLsn0wAutoLayoutCellHeight.m in Sources */ = {isa = PBXBuildFile; fileRef = 35A78C701DAB809000D9D180 /* UITableView+XLsn0wAutoLayoutCellHeight.m */; };
		35A78C951DAB809000D9D180 /* UIView+XLsn0wAutoLayout.m in Sources */ = {isa = PBXBuildFile; fileRef = 35A78C721DAB809000D9D180 /* UIView+XLsn0wAutoLayout.m */; };
		35A78C961DAB809000D9D180 /* XLsn0wCollectionViewFlowLayout.m in Sources */ = {isa = PBXBuildFile; fileRef = 35A78C751DAB809000D9D180 /* XLsn0wCollectionViewFlowLayout.m */; };
		35AD5F801DC8D2350072EDDC /* QRCodeReaderSupport.m in Sources */ = {isa = PBXBuildFile; fileRef = 35AD5F7D1DC8D2350072EDDC /* QRCodeReaderSupport.m */; };
		35AD5F811DC8D2350072EDDC /* XLsn0wQRCodeReader.m in Sources */ = {isa = PBXBuildFile; fileRef = 35AD5F7F1DC8D2350072EDDC /* XLsn0wQRCodeReader.m */; };
		35BF9DAE1E01172B0044EBCF /* XLsn0wNavigationController.m in Sources */ = {isa = PBXBuildFile; fileRef = 35BF9DAD1E01172B0044EBCF /* XLsn0wNavigationController.m */; };
		35C009E81D7EE38C00659C7B /* AVFoundation.framework in Frameworks */ = {isa = PBXBuildFile; fileRef = 35C009E71D7EE38C00659C7B /* AVFoundation.framework */; };
		35C3A5C21DB64F7800CB3331 /* XLsn0wStarRating.m in Sources */ = {isa = PBXBuildFile; fileRef = 35C3A5C11DB64F7800CB3331 /* XLsn0wStarRating.m */; };
		E92B541FDB30E114A6A3ED5E /* libPods-XLsn0wKit.a in Frameworks */ = {isa = PBXBuildFile; fileRef = F79EBEE22F2614ABAE1CA049 /* libPods-XLsn0wKit.a */; };
/* End PBXBuildFile section */

/* Begin PBXFileReference section */
		3527DF3B1DBDFC6E0097A085 /* DefaultXLsn0w.h */ = {isa = PBXFileReference; fileEncoding = 4; lastKnownFileType = sourcecode.c.h; path = DefaultXLsn0w.h; sourceTree = "<group>"; };
		3527DF3D1DBDFCF20097A085 /* XLsn0wAnimation.h */ = {isa = PBXFileReference; fileEncoding = 4; lastKnownFileType = sourcecode.c.h; path = XLsn0wAnimation.h; sourceTree = "<group>"; };
		3527DF3E1DBDFCF20097A085 /* XLsn0wAnimation.m */ = {isa = PBXFileReference; fileEncoding = 4; lastKnownFileType = sourcecode.c.objc; path = XLsn0wAnimation.m; sourceTree = "<group>"; };
		352DE76E1D7D5E9700C5E109 /* XLsn0wKit.h */ = {isa = PBXFileReference; fileEncoding = 4; lastKnownFileType = sourcecode.c.h; path = XLsn0wKit.h; sourceTree = "<group>"; };
		352DE76F1D7D5E9700C5E109 /* XLsn0wKit.podspec */ = {isa = PBXFileReference; fileEncoding = 4; lastKnownFileType = text; path = XLsn0wKit.podspec; sourceTree = "<group>"; };
		352DE7961D7D5EFD00C5E109 /* XLsn0wKit.bundle */ = {isa = PBXFileReference; lastKnownFileType = "wrapper.plug-in"; path = XLsn0wKit.bundle; sourceTree = "<group>"; };
		352DE7981D7D5F8200C5E109 /* libz.tbd */ = {isa = PBXFileReference; lastKnownFileType = "sourcecode.text-based-dylib-definition"; name = libz.tbd; path = usr/lib/libz.tbd; sourceTree = SDKROOT; };
		352DE79A1D7D5F8800C5E109 /* libsqlite3.tbd */ = {isa = PBXFileReference; lastKnownFileType = "sourcecode.text-based-dylib-definition"; name = libsqlite3.tbd; path = usr/lib/libsqlite3.tbd; sourceTree = SDKROOT; };
		352DE79C1D7D5F9B00C5E109 /* CoreText.framework */ = {isa = PBXFileReference; lastKnownFileType = wrapper.framework; name = CoreText.framework; path = System/Library/Frameworks/CoreText.framework; sourceTree = SDKROOT; };
		352DE79E1D7D5FAB00C5E109 /* CoreGraphics.framework */ = {isa = PBXFileReference; lastKnownFileType = wrapper.framework; name = CoreGraphics.framework; path = System/Library/Frameworks/CoreGraphics.framework; sourceTree = SDKROOT; };
		352DE7A01D7D5FB000C5E109 /* UIKit.framework */ = {isa = PBXFileReference; lastKnownFileType = wrapper.framework; name = UIKit.framework; path = System/Library/Frameworks/UIKit.framework; sourceTree = SDKROOT; };
		352DE7A21D7D5FB700C5E109 /* Foundation.framework */ = {isa = PBXFileReference; lastKnownFileType = wrapper.framework; name = Foundation.framework; path = System/Library/Frameworks/Foundation.framework; sourceTree = SDKROOT; };
		352DE7A41D7D5FD800C5E109 /* QuartzCore.framework */ = {isa = PBXFileReference; lastKnownFileType = wrapper.framework; name = QuartzCore.framework; path = System/Library/Frameworks/QuartzCore.framework; sourceTree = SDKROOT; };
		352DE7A61D7D5FDD00C5E109 /* CoreImage.framework */ = {isa = PBXFileReference; lastKnownFileType = wrapper.framework; name = CoreImage.framework; path = System/Library/Frameworks/CoreImage.framework; sourceTree = SDKROOT; };
		352DE7A81D7D5FEA00C5E109 /* ImageIO.framework */ = {isa = PBXFileReference; lastKnownFileType = wrapper.framework; name = ImageIO.framework; path = System/Library/Frameworks/ImageIO.framework; sourceTree = SDKROOT; };
		352DE7AA1D7D5FED00C5E109 /* AssetsLibrary.framework */ = {isa = PBXFileReference; lastKnownFileType = wrapper.framework; name = AssetsLibrary.framework; path = System/Library/Frameworks/AssetsLibrary.framework; sourceTree = SDKROOT; };
		352DE7AC1D7D5FFB00C5E109 /* Accelerate.framework */ = {isa = PBXFileReference; lastKnownFileType = wrapper.framework; name = Accelerate.framework; path = System/Library/Frameworks/Accelerate.framework; sourceTree = SDKROOT; };
		352DE7AE1D7D600500C5E109 /* MobileCoreServices.framework */ = {isa = PBXFileReference; lastKnownFileType = wrapper.framework; name = MobileCoreServices.framework; path = System/Library/Frameworks/MobileCoreServices.framework; sourceTree = SDKROOT; };
		352DE7B01D7D600E00C5E109 /* SystemConfiguration.framework */ = {isa = PBXFileReference; lastKnownFileType = wrapper.framework; name = SystemConfiguration.framework; path = System/Library/Frameworks/SystemConfiguration.framework; sourceTree = SDKROOT; };
		3558A5C41DFE8C8C00CE7CEA /* NSObject+GetCurrentScreenViewController.h */ = {isa = PBXFileReference; fileEncoding = 4; lastKnownFileType = sourcecode.c.h; path = "NSObject+GetCurrentScreenViewController.h"; sourceTree = "<group>"; };
		3558A5C51DFE8C8C00CE7CEA /* NSObject+GetCurrentScreenViewController.m */ = {isa = PBXFileReference; fileEncoding = 4; lastKnownFileType = sourcecode.c.objc; path = "NSObject+GetCurrentScreenViewController.m"; sourceTree = "<group>"; };
		355CD5A91DCEF9A500AD8096 /* XLsn0wFilterMenu.h */ = {isa = PBXFileReference; fileEncoding = 4; lastKnownFileType = sourcecode.c.h; path = XLsn0wFilterMenu.h; sourceTree = "<group>"; };
		355CD5AA1DCEF9A500AD8096 /* XLsn0wFilterMenu.m */ = {isa = PBXFileReference; fileEncoding = 4; lastKnownFileType = sourcecode.c.objc; path = XLsn0wFilterMenu.m; sourceTree = "<group>"; };
		356DD8C41D8546AC000BDB95 /* ViewController.m */ = {isa = PBXFileReference; fileEncoding = 4; lastKnownFileType = sourcecode.c.objc; path = ViewController.m; sourceTree = "<group>"; };
		356DD8C51D8546AC000BDB95 /* Main.storyboard */ = {isa = PBXFileReference; fileEncoding = 4; lastKnownFileType = file.storyboard; path = Main.storyboard; sourceTree = "<group>"; };
		3578221E1E022C3100B47D71 /* UINavigationController+AddXLsn0wShouldAutorotate.h */ = {isa = PBXFileReference; fileEncoding = 4; lastKnownFileType = sourcecode.c.h; path = "UINavigationController+AddXLsn0wShouldAutorotate.h"; sourceTree = "<group>"; };
		3578221F1E022C3100B47D71 /* UINavigationController+AddXLsn0wShouldAutorotate.m */ = {isa = PBXFileReference; fileEncoding = 4; lastKnownFileType = sourcecode.c.objc; path = "UINavigationController+AddXLsn0wShouldAutorotate.m"; sourceTree = "<group>"; };
		357822251E022C7100B47D71 /* UIViewController+AddIsAutorotate.h */ = {isa = PBXFileReference; fileEncoding = 4; lastKnownFileType = sourcecode.c.h; path = "UIViewController+AddIsAutorotate.h"; sourceTree = "<group>"; };
		357822261E022C7100B47D71 /* UIViewController+AddIsAutorotate.m */ = {isa = PBXFileReference; fileEncoding = 4; lastKnownFileType = sourcecode.c.objc; path = "UIViewController+AddIsAutorotate.m"; sourceTree = "<group>"; };
		357AE0AC1DB8F28200B87510 /* XLsn0wSegmentedBar.h */ = {isa = PBXFileReference; fileEncoding = 4; lastKnownFileType = sourcecode.c.h; path = XLsn0wSegmentedBar.h; sourceTree = "<group>"; };
		357AE0AD1DB8F28200B87510 /* XLsn0wSegmentedBar.m */ = {isa = PBXFileReference; fileEncoding = 4; lastKnownFileType = sourcecode.c.objc; path = XLsn0wSegmentedBar.m; sourceTree = "<group>"; };
		357CF8C11E00DF100009FE07 /* NSObject+XLsn0wKit.m */ = {isa = PBXFileReference; fileEncoding = 4; lastKnownFileType = sourcecode.c.objc; path = "NSObject+XLsn0wKit.m"; sourceTree = "<group>"; };
		357CF8C21E00DF100009FE07 /* NSObject+XLsn0wKit.h */ = {isa = PBXFileReference; fileEncoding = 4; lastKnownFileType = sourcecode.c.h; path = "NSObject+XLsn0wKit.h"; sourceTree = "<group>"; };
		357CF8C91E00DF4D0009FE07 /* UIImage+XLsn0wKit.h */ = {isa = PBXFileReference; fileEncoding = 4; lastKnownFileType = sourcecode.c.h; path = "UIImage+XLsn0wKit.h"; sourceTree = "<group>"; };
		357CF8CA1E00DF4D0009FE07 /* UIImage+XLsn0wKit.m */ = {isa = PBXFileReference; fileEncoding = 4; lastKnownFileType = sourcecode.c.objc; path = "UIImage+XLsn0wKit.m"; sourceTree = "<group>"; };
		357CF8CC1E00DF5B0009FE07 /* UIViewController+XLsn0wKit.h */ = {isa = PBXFileReference; fileEncoding = 4; lastKnownFileType = sourcecode.c.h; path = "UIViewController+XLsn0wKit.h"; sourceTree = "<group>"; };
		357CF8CD1E00DF5B0009FE07 /* UIViewController+XLsn0wKit.m */ = {isa = PBXFileReference; fileEncoding = 4; lastKnownFileType = sourcecode.c.objc; path = "UIViewController+XLsn0wKit.m"; sourceTree = "<group>"; };
		357CF8D01E00DF7F0009FE07 /* UIView+XLsn0wKit.h */ = {isa = PBXFileReference; fileEncoding = 4; lastKnownFileType = sourcecode.c.h; path = "UIView+XLsn0wKit.h"; sourceTree = "<group>"; };
		357CF8D11E00DF7F0009FE07 /* UIView+XLsn0wKit.m */ = {isa = PBXFileReference; fileEncoding = 4; lastKnownFileType = sourcecode.c.objc; path = "UIView+XLsn0wKit.m"; sourceTree = "<group>"; };
		357CF8D41E00DFAE0009FE07 /* UIDevice+XLsn0wKit.h */ = {isa = PBXFileReference; fileEncoding = 4; lastKnownFileType = sourcecode.c.h; path = "UIDevice+XLsn0wKit.h"; sourceTree = "<group>"; };
		357CF8D51E00DFAE0009FE07 /* UIDevice+XLsn0wKit.m */ = {isa = PBXFileReference; fileEncoding = 4; lastKnownFileType = sourcecode.c.objc; path = "UIDevice+XLsn0wKit.m"; sourceTree = "<group>"; };
		357CF8D81E00DFB60009FE07 /* UIImageView+XLsn0wKit.h */ = {isa = PBXFileReference; fileEncoding = 4; lastKnownFileType = sourcecode.c.h; path = "UIImageView+XLsn0wKit.h"; sourceTree = "<group>"; };
		357CF8D91E00DFB60009FE07 /* UIImageView+XLsn0wKit.m */ = {isa = PBXFileReference; fileEncoding = 4; lastKnownFileType = sourcecode.c.objc; path = "UIImageView+XLsn0wKit.m"; sourceTree = "<group>"; };
		357CF8DC1E00E0F50009FE07 /* XLsn0wTopSlider.h */ = {isa = PBXFileReference; fileEncoding = 4; lastKnownFileType = sourcecode.c.h; path = XLsn0wTopSlider.h; sourceTree = "<group>"; };
		357CF8DD1E00E0F50009FE07 /* XLsn0wTopSlider.m */ = {isa = PBXFileReference; fileEncoding = 4; lastKnownFileType = sourcecode.c.objc; path = XLsn0wTopSlider.m; sourceTree = "<group>"; };
		3582BFA21DFA82C800B1512D /* XLsn0wVersionManager.h */ = {isa = PBXFileReference; fileEncoding = 4; lastKnownFileType = sourcecode.c.h; path = XLsn0wVersionManager.h; sourceTree = "<group>"; };
		3582BFA31DFA82C800B1512D /* XLsn0wVersionManager.m */ = {isa = PBXFileReference; fileEncoding = 4; lastKnownFileType = sourcecode.c.objc; path = XLsn0wVersionManager.m; sourceTree = "<group>"; };
		3582BFAE1DFA845000B1512D /* XLsn0wTextView.h */ = {isa = PBXFileReference; fileEncoding = 4; lastKnownFileType = sourcecode.c.h; path = XLsn0wTextView.h; sourceTree = "<group>"; };
		3582BFAF1DFA845000B1512D /* XLsn0wTextView.m */ = {isa = PBXFileReference; fileEncoding = 4; lastKnownFileType = sourcecode.c.objc; path = XLsn0wTextView.m; sourceTree = "<group>"; };
		3582BFB41DFA86C900B1512D /* UIButton+ImageTitleLayout.h */ = {isa = PBXFileReference; fileEncoding = 4; lastKnownFileType = sourcecode.c.h; path = "UIButton+ImageTitleLayout.h"; sourceTree = "<group>"; };
		3582BFB51DFA86C900B1512D /* UIButton+ImageTitleLayout.m */ = {isa = PBXFileReference; fileEncoding = 4; lastKnownFileType = sourcecode.c.objc; path = "UIButton+ImageTitleLayout.m"; sourceTree = "<group>"; };
		3582BFB61DFA86C900B1512D /* UIButton+XLsn0wBadge.h */ = {isa = PBXFileReference; fileEncoding = 4; lastKnownFileType = sourcecode.c.h; path = "UIButton+XLsn0wBadge.h"; sourceTree = "<group>"; };
		3582BFB71DFA86C900B1512D /* UIButton+XLsn0wBadge.m */ = {isa = PBXFileReference; fileEncoding = 4; lastKnownFileType = sourcecode.c.objc; path = "UIButton+XLsn0wBadge.m"; sourceTree = "<group>"; };
		3582BFB81DFA86C900B1512D /* XLsn0wExtensionKit.h */ = {isa = PBXFileReference; fileEncoding = 4; lastKnownFileType = sourcecode.c.h; path = XLsn0wExtensionKit.h; sourceTree = "<group>"; };
		358D3EDA1D7AE27E00ADE778 /* XLsn0wKit.app */ = {isa = PBXFileReference; explicitFileType = wrapper.application; includeInIndex = 0; path = XLsn0wKit.app; sourceTree = BUILT_PRODUCTS_DIR; };
		358D3EDE1D7AE27E00ADE778 /* main.m */ = {isa = PBXFileReference; lastKnownFileType = sourcecode.c.objc; path = main.m; sourceTree = "<group>"; };
		358D3EE01D7AE27E00ADE778 /* AppDelegate.h */ = {isa = PBXFileReference; lastKnownFileType = sourcecode.c.h; path = AppDelegate.h; sourceTree = "<group>"; };
		358D3EE11D7AE27E00ADE778 /* AppDelegate.m */ = {isa = PBXFileReference; lastKnownFileType = sourcecode.c.objc; path = AppDelegate.m; sourceTree = "<group>"; };
		358D3EE31D7AE27E00ADE778 /* ViewController.h */ = {isa = PBXFileReference; lastKnownFileType = sourcecode.c.h; path = ViewController.h; sourceTree = "<group>"; };
		358D3EE91D7AE27E00ADE778 /* Assets.xcassets */ = {isa = PBXFileReference; lastKnownFileType = folder.assetcatalog; path = Assets.xcassets; sourceTree = "<group>"; };
		358D3EEC1D7AE27E00ADE778 /* Base */ = {isa = PBXFileReference; lastKnownFileType = file.storyboard; name = Base; path = Base.lproj/LaunchScreen.storyboard; sourceTree = "<group>"; };
		358D3EEE1D7AE27E00ADE778 /* Info.plist */ = {isa = PBXFileReference; lastKnownFileType = text.plist.xml; path = Info.plist; sourceTree = "<group>"; };
		35A78C531DAB7F9200D9D180 /* XLsn0wClassMethods.m */ = {isa = PBXFileReference; fileEncoding = 4; lastKnownFileType = sourcecode.c.objc; path = XLsn0wClassMethods.m; sourceTree = "<group>"; };
		35A78C541DAB7F9200D9D180 /* XLsn0wClassMethods.h */ = {isa = PBXFileReference; fileEncoding = 4; lastKnownFileType = sourcecode.c.h; path = XLsn0wClassMethods.h; sourceTree = "<group>"; };
		35A78C561DAB7FA200D9D180 /* XLsn0wInstanceMethods.m */ = {isa = PBXFileReference; fileEncoding = 4; lastKnownFileType = sourcecode.c.objc; path = XLsn0wInstanceMethods.m; sourceTree = "<group>"; };
		35A78C571DAB7FA200D9D180 /* XLsn0wInstanceMethods.h */ = {isa = PBXFileReference; fileEncoding = 4; lastKnownFileType = sourcecode.c.h; path = XLsn0wInstanceMethods.h; sourceTree = "<group>"; };
		35A78C6F1DAB809000D9D180 /* UITableView+XLsn0wAutoLayoutCellHeight.h */ = {isa = PBXFileReference; fileEncoding = 4; lastKnownFileType = sourcecode.c.h; path = "UITableView+XLsn0wAutoLayoutCellHeight.h"; sourceTree = "<group>"; };
		35A78C701DAB809000D9D180 /* UITableView+XLsn0wAutoLayoutCellHeight.m */ = {isa = PBXFileReference; fileEncoding = 4; lastKnownFileType = sourcecode.c.objc; path = "UITableView+XLsn0wAutoLayoutCellHeight.m"; sourceTree = "<group>"; };
		35A78C711DAB809000D9D180 /* UIView+XLsn0wAutoLayout.h */ = {isa = PBXFileReference; fileEncoding = 4; lastKnownFileType = sourcecode.c.h; path = "UIView+XLsn0wAutoLayout.h"; sourceTree = "<group>"; };
		35A78C721DAB809000D9D180 /* UIView+XLsn0wAutoLayout.m */ = {isa = PBXFileReference; fileEncoding = 4; lastKnownFileType = sourcecode.c.objc; path = "UIView+XLsn0wAutoLayout.m"; sourceTree = "<group>"; };
		35A78C741DAB809000D9D180 /* XLsn0wCollectionViewFlowLayout.h */ = {isa = PBXFileReference; fileEncoding = 4; lastKnownFileType = sourcecode.c.h; path = XLsn0wCollectionViewFlowLayout.h; sourceTree = "<group>"; };
		35A78C751DAB809000D9D180 /* XLsn0wCollectionViewFlowLayout.m */ = {isa = PBXFileReference; fileEncoding = 4; lastKnownFileType = sourcecode.c.objc; path = XLsn0wCollectionViewFlowLayout.m; sourceTree = "<group>"; };
		35A78C8C1DAB809000D9D180 /* XLsn0wComponents.h */ = {isa = PBXFileReference; fileEncoding = 4; lastKnownFileType = sourcecode.c.h; path = XLsn0wComponents.h; sourceTree = "<group>"; };
		35AD5F7C1DC8D2350072EDDC /* QRCodeReaderSupport.h */ = {isa = PBXFileReference; fileEncoding = 4; lastKnownFileType = sourcecode.c.h; path = QRCodeReaderSupport.h; sourceTree = "<group>"; };
		35AD5F7D1DC8D2350072EDDC /* QRCodeReaderSupport.m */ = {isa = PBXFileReference; fileEncoding = 4; lastKnownFileType = sourcecode.c.objc; path = QRCodeReaderSupport.m; sourceTree = "<group>"; };
		35AD5F7E1DC8D2350072EDDC /* XLsn0wQRCodeReader.h */ = {isa = PBXFileReference; fileEncoding = 4; lastKnownFileType = sourcecode.c.h; path = XLsn0wQRCodeReader.h; sourceTree = "<group>"; };
		35AD5F7F1DC8D2350072EDDC /* XLsn0wQRCodeReader.m */ = {isa = PBXFileReference; fileEncoding = 4; lastKnownFileType = sourcecode.c.objc; path = XLsn0wQRCodeReader.m; sourceTree = "<group>"; };
		35BF9DAC1E01172B0044EBCF /* XLsn0wNavigationController.h */ = {isa = PBXFileReference; fileEncoding = 4; lastKnownFileType = sourcecode.c.h; path = XLsn0wNavigationController.h; sourceTree = "<group>"; };
		35BF9DAD1E01172B0044EBCF /* XLsn0wNavigationController.m */ = {isa = PBXFileReference; fileEncoding = 4; lastKnownFileType = sourcecode.c.objc; path = XLsn0wNavigationController.m; sourceTree = "<group>"; };
		35C009E71D7EE38C00659C7B /* AVFoundation.framework */ = {isa = PBXFileReference; lastKnownFileType = wrapper.framework; name = AVFoundation.framework; path = System/Library/Frameworks/AVFoundation.framework; sourceTree = SDKROOT; };
		35C3A5C01DB64F7800CB3331 /* XLsn0wStarRating.h */ = {isa = PBXFileReference; fileEncoding = 4; lastKnownFileType = sourcecode.c.h; path = XLsn0wStarRating.h; sourceTree = "<group>"; };
		35C3A5C11DB64F7800CB3331 /* XLsn0wStarRating.m */ = {isa = PBXFileReference; fileEncoding = 4; lastKnownFileType = sourcecode.c.objc; path = XLsn0wStarRating.m; sourceTree = "<group>"; };
		869A33EE511FC74F45811282 /* Pods-XLsn0wKit.release.xcconfig */ = {isa = PBXFileReference; includeInIndex = 1; lastKnownFileType = text.xcconfig; name = "Pods-XLsn0wKit.release.xcconfig"; path = "Pods/Target Support Files/Pods-XLsn0wKit/Pods-XLsn0wKit.release.xcconfig"; sourceTree = "<group>"; };
		D33CB49D6ADA1DE69AB79DEF /* Pods-XLsn0wKit.debug.xcconfig */ = {isa = PBXFileReference; includeInIndex = 1; lastKnownFileType = text.xcconfig; name = "Pods-XLsn0wKit.debug.xcconfig"; path = "Pods/Target Support Files/Pods-XLsn0wKit/Pods-XLsn0wKit.debug.xcconfig"; sourceTree = "<group>"; };
		F79EBEE22F2614ABAE1CA049 /* libPods-XLsn0wKit.a */ = {isa = PBXFileReference; explicitFileType = archive.ar; includeInIndex = 0; path = "libPods-XLsn0wKit.a"; sourceTree = BUILT_PRODUCTS_DIR; };
/* End PBXFileReference section */

/* Begin PBXFrameworksBuildPhase section */
		358D3ED71D7AE27E00ADE778 /* Frameworks */ = {
			isa = PBXFrameworksBuildPhase;
			buildActionMask = 2147483647;
			files = (
				35C009E81D7EE38C00659C7B /* AVFoundation.framework in Frameworks */,
				352DE7B11D7D600E00C5E109 /* SystemConfiguration.framework in Frameworks */,
				352DE7AF1D7D600500C5E109 /* MobileCoreServices.framework in Frameworks */,
				352DE7AD1D7D5FFB00C5E109 /* Accelerate.framework in Frameworks */,
				352DE7AB1D7D5FED00C5E109 /* AssetsLibrary.framework in Frameworks */,
				352DE7A91D7D5FEA00C5E109 /* ImageIO.framework in Frameworks */,
				352DE7A71D7D5FDD00C5E109 /* CoreImage.framework in Frameworks */,
				352DE7A51D7D5FD800C5E109 /* QuartzCore.framework in Frameworks */,
				352DE7A31D7D5FB700C5E109 /* Foundation.framework in Frameworks */,
				352DE7A11D7D5FB000C5E109 /* UIKit.framework in Frameworks */,
				352DE79F1D7D5FAB00C5E109 /* CoreGraphics.framework in Frameworks */,
				352DE79D1D7D5F9B00C5E109 /* CoreText.framework in Frameworks */,
				352DE79B1D7D5F8800C5E109 /* libsqlite3.tbd in Frameworks */,
				352DE7991D7D5F8200C5E109 /* libz.tbd in Frameworks */,
				E92B541FDB30E114A6A3ED5E /* libPods-XLsn0wKit.a in Frameworks */,
			);
			runOnlyForDeploymentPostprocessing = 0;
		};
/* End PBXFrameworksBuildPhase section */

/* Begin PBXGroup section */
		2D2599D79D90B3123E9786A0 /* Frameworks */ = {
			isa = PBXGroup;
			children = (
				35C009E71D7EE38C00659C7B /* AVFoundation.framework */,
				F79EBEE22F2614ABAE1CA049 /* libPods-XLsn0wKit.a */,
			);
			name = Frameworks;
			sourceTree = "<group>";
		};
		3527DF371DBDFC1E0097A085 /* DefaultXLsn0w */ = {
			isa = PBXGroup;
			children = (
				3527DF3B1DBDFC6E0097A085 /* DefaultXLsn0w.h */,
				3527DF3C1DBDFCF20097A085 /* XLsn0wAnimation */,
			);
			path = DefaultXLsn0w;
			sourceTree = "<group>";
		};
		3527DF3C1DBDFCF20097A085 /* XLsn0wAnimation */ = {
			isa = PBXGroup;
			children = (
				3527DF3D1DBDFCF20097A085 /* XLsn0wAnimation.h */,
				3527DF3E1DBDFCF20097A085 /* XLsn0wAnimation.m */,
			);
			path = XLsn0wAnimation;
			sourceTree = "<group>";
		};
		352DE7401D7D5E9700C5E109 /* XLsn0w */ = {
			isa = PBXGroup;
			children = (
				352DE76F1D7D5E9700C5E109 /* XLsn0wKit.podspec */,
				352DE76E1D7D5E9700C5E109 /* XLsn0wKit.h */,
				3527DF371DBDFC1E0097A085 /* DefaultXLsn0w */,
				3582BFB21DFA86C900B1512D /* XLsn0wExtensionKit */,
				35A78C591DAB809000D9D180 /* XLsn0wComponents */,
				35A78C521DAB7F7900D9D180 /* XLsn0wClassMethods */,
				35A78C511DAB7F6D00D9D180 /* XLsn0wInstanceMethods */,
				352DE7951D7D5EFD00C5E109 /* Resources */,
				352DE7411D7D5E9700C5E109 /* Frameworks */,
			);
			path = XLsn0w;
			sourceTree = "<group>";
		};
		352DE7411D7D5E9700C5E109 /* Frameworks */ = {
			isa = PBXGroup;
			children = (
				352DE7B01D7D600E00C5E109 /* SystemConfiguration.framework */,
				352DE7AE1D7D600500C5E109 /* MobileCoreServices.framework */,
				352DE7AC1D7D5FFB00C5E109 /* Accelerate.framework */,
				352DE7AA1D7D5FED00C5E109 /* AssetsLibrary.framework */,
				352DE7A81D7D5FEA00C5E109 /* ImageIO.framework */,
				352DE7A61D7D5FDD00C5E109 /* CoreImage.framework */,
				352DE7A41D7D5FD800C5E109 /* QuartzCore.framework */,
				352DE7A21D7D5FB700C5E109 /* Foundation.framework */,
				352DE7A01D7D5FB000C5E109 /* UIKit.framework */,
				352DE79E1D7D5FAB00C5E109 /* CoreGraphics.framework */,
				352DE79C1D7D5F9B00C5E109 /* CoreText.framework */,
				352DE79A1D7D5F8800C5E109 /* libsqlite3.tbd */,
				352DE7981D7D5F8200C5E109 /* libz.tbd */,
			);
			path = Frameworks;
			sourceTree = "<group>";
		};
		352DE7951D7D5EFD00C5E109 /* Resources */ = {
			isa = PBXGroup;
			children = (
				352DE7961D7D5EFD00C5E109 /* XLsn0wKit.bundle */,
			);
			path = Resources;
			sourceTree = "<group>";
		};
		3558A5C31DFE8C8C00CE7CEA /* NSObject */ = {
			isa = PBXGroup;
			children = (
				357CF8C21E00DF100009FE07 /* NSObject+XLsn0wKit.h */,
				357CF8C11E00DF100009FE07 /* NSObject+XLsn0wKit.m */,
				3558A5C41DFE8C8C00CE7CEA /* NSObject+GetCurrentScreenViewController.h */,
				3558A5C51DFE8C8C00CE7CEA /* NSObject+GetCurrentScreenViewController.m */,
			);
			path = NSObject;
			sourceTree = "<group>";
		};
		355CD5A81DCEF9A500AD8096 /* XLsn0wFilterMenu */ = {
			isa = PBXGroup;
			children = (
				355CD5A91DCEF9A500AD8096 /* XLsn0wFilterMenu.h */,
				355CD5AA1DCEF9A500AD8096 /* XLsn0wFilterMenu.m */,
			);
			path = XLsn0wFilterMenu;
			sourceTree = "<group>";
		};
		3578221D1E022C3100B47D71 /* UINavigationController */ = {
			isa = PBXGroup;
			children = (
				3578221E1E022C3100B47D71 /* UINavigationController+AddXLsn0wShouldAutorotate.h */,
				3578221F1E022C3100B47D71 /* UINavigationController+AddXLsn0wShouldAutorotate.m */,
			);
			path = UINavigationController;
			sourceTree = "<group>";
		};
		357CF8C41E00DF1F0009FE07 /* UIViewController */ = {
			isa = PBXGroup;
			children = (
				357822251E022C7100B47D71 /* UIViewController+AddIsAutorotate.h */,
				357822261E022C7100B47D71 /* UIViewController+AddIsAutorotate.m */,
				357CF8CC1E00DF5B0009FE07 /* UIViewController+XLsn0wKit.h */,
				357CF8CD1E00DF5B0009FE07 /* UIViewController+XLsn0wKit.m */,
			);
			path = UIViewController;
			sourceTree = "<group>";
		};
		357CF8C81E00DF4D0009FE07 /* UIImage */ = {
			isa = PBXGroup;
			children = (
				357CF8C91E00DF4D0009FE07 /* UIImage+XLsn0wKit.h */,
				357CF8CA1E00DF4D0009FE07 /* UIImage+XLsn0wKit.m */,
			);
			path = UIImage;
			sourceTree = "<group>";
		};
		357CF8CF1E00DF7F0009FE07 /* UIView */ = {
			isa = PBXGroup;
			children = (
				357CF8D01E00DF7F0009FE07 /* UIView+XLsn0wKit.h */,
				357CF8D11E00DF7F0009FE07 /* UIView+XLsn0wKit.m */,
			);
			path = UIView;
			sourceTree = "<group>";
		};
		357CF8D31E00DFAD0009FE07 /* UIDevice */ = {
			isa = PBXGroup;
			children = (
				357CF8D41E00DFAE0009FE07 /* UIDevice+XLsn0wKit.h */,
				357CF8D51E00DFAE0009FE07 /* UIDevice+XLsn0wKit.m */,
			);
			path = UIDevice;
			sourceTree = "<group>";
		};
		357CF8D71E00DFB60009FE07 /* UIImageView */ = {
			isa = PBXGroup;
			children = (
				357CF8D81E00DFB60009FE07 /* UIImageView+XLsn0wKit.h */,
				357CF8D91E00DFB60009FE07 /* UIImageView+XLsn0wKit.m */,
			);
			path = UIImageView;
			sourceTree = "<group>";
		};
		357CF8DB1E00E0F50009FE07 /* XLsn0wTopSlider */ = {
			isa = PBXGroup;
			children = (
				357CF8DC1E00E0F50009FE07 /* XLsn0wTopSlider.h */,
				357CF8DD1E00E0F50009FE07 /* XLsn0wTopSlider.m */,
			);
			path = XLsn0wTopSlider;
			sourceTree = "<group>";
		};
		3582BFA11DFA82C800B1512D /* XLsn0wVersionManager */ = {
			isa = PBXGroup;
			children = (
				3582BFA21DFA82C800B1512D /* XLsn0wVersionManager.h */,
				3582BFA31DFA82C800B1512D /* XLsn0wVersionManager.m */,
			);
			path = XLsn0wVersionManager;
			sourceTree = "<group>";
		};
		3582BFAD1DFA845000B1512D /* XLsn0wTextView */ = {
			isa = PBXGroup;
			children = (
				3582BFAE1DFA845000B1512D /* XLsn0wTextView.h */,
				3582BFAF1DFA845000B1512D /* XLsn0wTextView.m */,
			);
			path = XLsn0wTextView;
			sourceTree = "<group>";
		};
		3582BFB21DFA86C900B1512D /* XLsn0wExtensionKit */ = {
			isa = PBXGroup;
			children = (
				3582BFB81DFA86C900B1512D /* XLsn0wExtensionKit.h */,
				3558A5C31DFE8C8C00CE7CEA /* NSObject */,
				357CF8CF1E00DF7F0009FE07 /* UIView */,
				3582BFB31DFA86C900B1512D /* UIButton */,
				357CF8D31E00DFAD0009FE07 /* UIDevice */,
				357CF8C81E00DF4D0009FE07 /* UIImage */,
				357CF8D71E00DFB60009FE07 /* UIImageView */,
				357CF8C41E00DF1F0009FE07 /* UIViewController */,
				3578221D1E022C3100B47D71 /* UINavigationController */,
			);
			path = XLsn0wExtensionKit;
			sourceTree = "<group>";
		};
		3582BFB31DFA86C900B1512D /* UIButton */ = {
			isa = PBXGroup;
			children = (
				3582BFB61DFA86C900B1512D /* UIButton+XLsn0wBadge.h */,
				3582BFB71DFA86C900B1512D /* UIButton+XLsn0wBadge.m */,
				3582BFB41DFA86C900B1512D /* UIButton+ImageTitleLayout.h */,
				3582BFB51DFA86C900B1512D /* UIButton+ImageTitleLayout.m */,
			);
			path = UIButton;
			sourceTree = "<group>";
		};
		358D3ED11D7AE27E00ADE778 = {
			isa = PBXGroup;
			children = (
				352DE7401D7D5E9700C5E109 /* XLsn0w */,
				358D3EDC1D7AE27E00ADE778 /* XLsn0wKit */,
				358D3EDB1D7AE27E00ADE778 /* Products */,
				2D2599D79D90B3123E9786A0 /* Frameworks */,
				E68A79AFE846EDB82E7DA2E5 /* Pods */,
			);
			sourceTree = "<group>";
		};
		358D3EDB1D7AE27E00ADE778 /* Products */ = {
			isa = PBXGroup;
			children = (
				358D3EDA1D7AE27E00ADE778 /* XLsn0wKit.app */,
			);
			name = Products;
			sourceTree = "<group>";
		};
		358D3EDC1D7AE27E00ADE778 /* XLsn0wKit */ = {
			isa = PBXGroup;
			children = (
				358D3EE01D7AE27E00ADE778 /* AppDelegate.h */,
				358D3EE11D7AE27E00ADE778 /* AppDelegate.m */,
				358D3EE31D7AE27E00ADE778 /* ViewController.h */,
				356DD8C41D8546AC000BDB95 /* ViewController.m */,
				356DD8C51D8546AC000BDB95 /* Main.storyboard */,
				358D3EE91D7AE27E00ADE778 /* Assets.xcassets */,
				358D3EEB1D7AE27E00ADE778 /* LaunchScreen.storyboard */,
				358D3EEE1D7AE27E00ADE778 /* Info.plist */,
				358D3EDD1D7AE27E00ADE778 /* Supporting Files */,
			);
			path = XLsn0wKit;
			sourceTree = "<group>";
		};
		358D3EDD1D7AE27E00ADE778 /* Supporting Files */ = {
			isa = PBXGroup;
			children = (
				358D3EDE1D7AE27E00ADE778 /* main.m */,
			);
			name = "Supporting Files";
			sourceTree = "<group>";
		};
		35A78C511DAB7F6D00D9D180 /* XLsn0wInstanceMethods */ = {
			isa = PBXGroup;
			children = (
				35A78C571DAB7FA200D9D180 /* XLsn0wInstanceMethods.h */,
				35A78C561DAB7FA200D9D180 /* XLsn0wInstanceMethods.m */,
			);
			path = XLsn0wInstanceMethods;
			sourceTree = "<group>";
		};
		35A78C521DAB7F7900D9D180 /* XLsn0wClassMethods */ = {
			isa = PBXGroup;
			children = (
				35A78C541DAB7F9200D9D180 /* XLsn0wClassMethods.h */,
				35A78C531DAB7F9200D9D180 /* XLsn0wClassMethods.m */,
			);
			path = XLsn0wClassMethods;
			sourceTree = "<group>";
		};
		35A78C591DAB809000D9D180 /* XLsn0wComponents */ = {
			isa = PBXGroup;
			children = (
				35A78C8C1DAB809000D9D180 /* XLsn0wComponents.h */,
				35BF9DAB1E01172B0044EBCF /* XLsn0wNavigationController */,
				357CF8DB1E00E0F50009FE07 /* XLsn0wTopSlider */,
				3582BFAD1DFA845000B1512D /* XLsn0wTextView */,
				3582BFA11DFA82C800B1512D /* XLsn0wVersionManager */,
				355CD5A81DCEF9A500AD8096 /* XLsn0wFilterMenu */,
				35AD5F7B1DC8D2350072EDDC /* XLsn0wQRCodeReader */,
				35C0DB561DB8B760009BCF8A /* XLsn0wSegmentedBar */,
				35C3A5BF1DB64F7800CB3331 /* XLsn0wStarRating */,
				35A78C6E1DAB809000D9D180 /* XLsn0wAutoLayout */,
				35A78C731DAB809000D9D180 /* XLsn0wCollectionViewFlowLayout */,
			);
			path = XLsn0wComponents;
			sourceTree = "<group>";
		};
		35A78C6E1DAB809000D9D180 /* XLsn0wAutoLayout */ = {
			isa = PBXGroup;
			children = (
				35A78C711DAB809000D9D180 /* UIView+XLsn0wAutoLayout.h */,
				35A78C721DAB809000D9D180 /* UIView+XLsn0wAutoLayout.m */,
				35A78C6F1DAB809000D9D180 /* UITableView+XLsn0wAutoLayoutCellHeight.h */,
				35A78C701DAB809000D9D180 /* UITableView+XLsn0wAutoLayoutCellHeight.m */,
			);
			path = XLsn0wAutoLayout;
			sourceTree = "<group>";
		};
		35A78C731DAB809000D9D180 /* XLsn0wCollectionViewFlowLayout */ = {
			isa = PBXGroup;
			children = (
				35A78C741DAB809000D9D180 /* XLsn0wCollectionViewFlowLayout.h */,
				35A78C751DAB809000D9D180 /* XLsn0wCollectionViewFlowLayout.m */,
			);
			path = XLsn0wCollectionViewFlowLayout;
			sourceTree = "<group>";
		};
		35AD5F7B1DC8D2350072EDDC /* XLsn0wQRCodeReader */ = {
			isa = PBXGroup;
			children = (
				35AD5F7E1DC8D2350072EDDC /* XLsn0wQRCodeReader.h */,
				35AD5F7F1DC8D2350072EDDC /* XLsn0wQRCodeReader.m */,
				35AD5F7C1DC8D2350072EDDC /* QRCodeReaderSupport.h */,
				35AD5F7D1DC8D2350072EDDC /* QRCodeReaderSupport.m */,
			);
			path = XLsn0wQRCodeReader;
			sourceTree = "<group>";
		};
		35BF9DAB1E01172B0044EBCF /* XLsn0wNavigationController */ = {
			isa = PBXGroup;
			children = (
				35BF9DAC1E01172B0044EBCF /* XLsn0wNavigationController.h */,
				35BF9DAD1E01172B0044EBCF /* XLsn0wNavigationController.m */,
			);
			path = XLsn0wNavigationController;
			sourceTree = "<group>";
		};
		35C0DB561DB8B760009BCF8A /* XLsn0wSegmentedBar */ = {
			isa = PBXGroup;
			children = (
				357AE0AC1DB8F28200B87510 /* XLsn0wSegmentedBar.h */,
				357AE0AD1DB8F28200B87510 /* XLsn0wSegmentedBar.m */,
			);
			path = XLsn0wSegmentedBar;
			sourceTree = "<group>";
		};
		35C3A5BF1DB64F7800CB3331 /* XLsn0wStarRating */ = {
			isa = PBXGroup;
			children = (
				35C3A5C01DB64F7800CB3331 /* XLsn0wStarRating.h */,
				35C3A5C11DB64F7800CB3331 /* XLsn0wStarRating.m */,
			);
			path = XLsn0wStarRating;
			sourceTree = "<group>";
		};
		E68A79AFE846EDB82E7DA2E5 /* Pods */ = {
			isa = PBXGroup;
			children = (
				D33CB49D6ADA1DE69AB79DEF /* Pods-XLsn0wKit.debug.xcconfig */,
				869A33EE511FC74F45811282 /* Pods-XLsn0wKit.release.xcconfig */,
			);
			name = Pods;
			sourceTree = "<group>";
		};
/* End PBXGroup section */

/* Begin PBXNativeTarget section */
		358D3ED91D7AE27E00ADE778 /* XLsn0wKit */ = {
			isa = PBXNativeTarget;
			buildConfigurationList = 358D3EF11D7AE27E00ADE778 /* Build configuration list for PBXNativeTarget "XLsn0wKit" */;
			buildPhases = (
				D7A5690B71FB9444B484F108 /* [CP] Check Pods Manifest.lock */,
				358D3ED61D7AE27E00ADE778 /* Sources */,
				358D3ED71D7AE27E00ADE778 /* Frameworks */,
				358D3ED81D7AE27E00ADE778 /* Resources */,
				E31112DF87B385361EA12699 /* [CP] Embed Pods Frameworks */,
				89450EB56B1DCEFDA36C2D38 /* [CP] Copy Pods Resources */,
			);
			buildRules = (
			);
			dependencies = (
			);
			name = XLsn0wKit;
			productName = XLsn0wKit;
			productReference = 358D3EDA1D7AE27E00ADE778 /* XLsn0wKit.app */;
			productType = "com.apple.product-type.application";
		};
/* End PBXNativeTarget section */

/* Begin PBXProject section */
		358D3ED21D7AE27E00ADE778 /* Project object */ = {
			isa = PBXProject;
			attributes = {
				LastUpgradeCheck = 0810;
				ORGANIZATIONNAME = XLsn0w;
				TargetAttributes = {
					358D3ED91D7AE27E00ADE778 = {
						CreatedOnToolsVersion = 7.3.1;
						DevelopmentTeam = TJFMNSFT3H;
					};
				};
			};
			buildConfigurationList = 358D3ED51D7AE27E00ADE778 /* Build configuration list for PBXProject "XLsn0wKit" */;
			compatibilityVersion = "Xcode 3.2";
			developmentRegion = English;
			hasScannedForEncodings = 0;
			knownRegions = (
				en,
				Base,
			);
			mainGroup = 358D3ED11D7AE27E00ADE778;
			productRefGroup = 358D3EDB1D7AE27E00ADE778 /* Products */;
			projectDirPath = "";
			projectRoot = "";
			targets = (
				358D3ED91D7AE27E00ADE778 /* XLsn0wKit */,
			);
		};
/* End PBXProject section */

/* Begin PBXResourcesBuildPhase section */
		358D3ED81D7AE27E00ADE778 /* Resources */ = {
			isa = PBXResourcesBuildPhase;
			buildActionMask = 2147483647;
			files = (
				352DE7971D7D5EFD00C5E109 /* XLsn0wKit.bundle in Resources */,
				356DD8C71D8546AC000BDB95 /* Main.storyboard in Resources */,
				358D3EED1D7AE27E00ADE778 /* LaunchScreen.storyboard in Resources */,
				352DE78F1D7D5E9700C5E109 /* XLsn0wKit.podspec in Resources */,
				358D3EEA1D7AE27E00ADE778 /* Assets.xcassets in Resources */,
			);
			runOnlyForDeploymentPostprocessing = 0;
		};
/* End PBXResourcesBuildPhase section */

/* Begin PBXShellScriptBuildPhase section */
		89450EB56B1DCEFDA36C2D38 /* [CP] Copy Pods Resources */ = {
			isa = PBXShellScriptBuildPhase;
			buildActionMask = 2147483647;
			files = (
			);
			inputPaths = (
			);
			name = "[CP] Copy Pods Resources";
			outputPaths = (
			);
			runOnlyForDeploymentPostprocessing = 0;
			shellPath = /bin/sh;
			shellScript = "\"${SRCROOT}/Pods/Target Support Files/Pods-XLsn0wKit/Pods-XLsn0wKit-resources.sh\"\n";
			showEnvVarsInLog = 0;
		};
		D7A5690B71FB9444B484F108 /* [CP] Check Pods Manifest.lock */ = {
			isa = PBXShellScriptBuildPhase;
			buildActionMask = 2147483647;
			files = (
			);
			inputPaths = (
			);
			name = "[CP] Check Pods Manifest.lock";
			outputPaths = (
			);
			runOnlyForDeploymentPostprocessing = 0;
			shellPath = /bin/sh;
			shellScript = "diff \"${PODS_ROOT}/../Podfile.lock\" \"${PODS_ROOT}/Manifest.lock\" > /dev/null\nif [ $? != 0 ] ; then\n    # print error to STDERR\n    echo \"error: The sandbox is not in sync with the Podfile.lock. Run 'pod install' or update your CocoaPods installation.\" >&2\n    exit 1\nfi\n";
			showEnvVarsInLog = 0;
		};
		E31112DF87B385361EA12699 /* [CP] Embed Pods Frameworks */ = {
			isa = PBXShellScriptBuildPhase;
			buildActionMask = 2147483647;
			files = (
			);
			inputPaths = (
			);
			name = "[CP] Embed Pods Frameworks";
			outputPaths = (
			);
			runOnlyForDeploymentPostprocessing = 0;
			shellPath = /bin/sh;
			shellScript = "\"${SRCROOT}/Pods/Target Support Files/Pods-XLsn0wKit/Pods-XLsn0wKit-frameworks.sh\"\n";
			showEnvVarsInLog = 0;
		};
/* End PBXShellScriptBuildPhase section */

/* Begin PBXSourcesBuildPhase section */
		358D3ED61D7AE27E00ADE778 /* Sources */ = {
			isa = PBXSourcesBuildPhase;
			buildActionMask = 2147483647;
			files = (
				35A78C551DAB7F9200D9D180 /* XLsn0wClassMethods.m in Sources */,
				357822201E022C3100B47D71 /* UINavigationController+AddXLsn0wShouldAutorotate.m in Sources */,
				357CF8C31E00DF100009FE07 /* NSObject+XLsn0wKit.m in Sources */,
				3582BFB01DFA845000B1512D /* XLsn0wTextView.m in Sources */,
				3582BFA41DFA82C800B1512D /* XLsn0wVersionManager.m in Sources */,
				3558A5C61DFE8C8C00CE7CEA /* NSObject+GetCurrentScreenViewController.m in Sources */,
				357CF8DA1E00DFB60009FE07 /* UIImageView+XLsn0wKit.m in Sources */,
				357CF8CE1E00DF5B0009FE07 /* UIViewController+XLsn0wKit.m in Sources */,
				357CF8D61E00DFAE0009FE07 /* UIDevice+XLsn0wKit.m in Sources */,
				355CD5AB1DCEF9A500AD8096 /* XLsn0wFilterMenu.m in Sources */,
				35AD5F801DC8D2350072EDDC /* QRCodeReaderSupport.m in Sources */,
				3582BFBA1DFA86C900B1512D /* UIButton+XLsn0wBadge.m in Sources */,
				357822271E022C7100B47D71 /* UIViewController+AddIsAutorotate.m in Sources */,
				35A78C951DAB809000D9D180 /* UIView+XLsn0wAutoLayout.m in Sources */,
				35AD5F811DC8D2350072EDDC /* XLsn0wQRCodeReader.m in Sources */,
				357AE0AE1DB8F28200B87510 /* XLsn0wSegmentedBar.m in Sources */,
				358D3EE21D7AE27E00ADE778 /* AppDelegate.m in Sources */,
				356DD8C61D8546AC000BDB95 /* ViewController.m in Sources */,
				357CF8D21E00DF7F0009FE07 /* UIView+XLsn0wKit.m in Sources */,
				358D3EDF1D7AE27E00ADE778 /* main.m in Sources */,
				357CF8CB1E00DF4D0009FE07 /* UIImage+XLsn0wKit.m in Sources */,
				357CF8DE1E00E0F50009FE07 /* XLsn0wTopSlider.m in Sources */,
				3527DF3F1DBDFCF20097A085 /* XLsn0wAnimation.m in Sources */,
				35A78C961DAB809000D9D180 /* XLsn0wCollectionViewFlowLayout.m in Sources */,
				35C3A5C21DB64F7800CB3331 /* XLsn0wStarRating.m in Sources */,
				35BF9DAE1E01172B0044EBCF /* XLsn0wNavigationController.m in Sources */,
				35A78C581DAB7FA200D9D180 /* XLsn0wInstanceMethods.m in Sources */,
				35A78C941DAB809000D9D180 /* UITableView+XLsn0wAutoLayoutCellHeight.m in Sources */,
				3582BFB91DFA86C900B1512D /* UIButton+ImageTitleLayout.m in Sources */,
			);
			runOnlyForDeploymentPostprocessing = 0;
		};
/* End PBXSourcesBuildPhase section */

/* Begin PBXVariantGroup section */
		358D3EEB1D7AE27E00ADE778 /* LaunchScreen.storyboard */ = {
			isa = PBXVariantGroup;
			children = (
				358D3EEC1D7AE27E00ADE778 /* Base */,
			);
			name = LaunchScreen.storyboard;
			sourceTree = "<group>";
		};
/* End PBXVariantGroup section */

/* Begin XCBuildConfiguration section */
		358D3EEF1D7AE27E00ADE778 /* Debug */ = {
			isa = XCBuildConfiguration;
			buildSettings = {
				ALWAYS_SEARCH_USER_PATHS = NO;
				CLANG_ANALYZER_NONNULL = YES;
				CLANG_CXX_LANGUAGE_STANDARD = "gnu++0x";
				CLANG_CXX_LIBRARY = "libc++";
				CLANG_ENABLE_MODULES = YES;
				CLANG_ENABLE_OBJC_ARC = YES;
				CLANG_WARN_BOOL_CONVERSION = YES;
				CLANG_WARN_CONSTANT_CONVERSION = YES;
				CLANG_WARN_DIRECT_OBJC_ISA_USAGE = YES_ERROR;
				CLANG_WARN_EMPTY_BODY = YES;
				CLANG_WARN_ENUM_CONVERSION = YES;
				CLANG_WARN_INFINITE_RECURSION = YES;
				CLANG_WARN_INT_CONVERSION = YES;
				CLANG_WARN_OBJC_ROOT_CLASS = YES_ERROR;
				CLANG_WARN_SUSPICIOUS_MOVE = YES;
				CLANG_WARN_UNREACHABLE_CODE = YES;
				CLANG_WARN__DUPLICATE_METHOD_MATCH = YES;
				"CODE_SIGN_IDENTITY[sdk=iphoneos*]" = "iPhone Developer";
				COPY_PHASE_STRIP = NO;
				DEBUG_INFORMATION_FORMAT = dwarf;
				ENABLE_STRICT_OBJC_MSGSEND = YES;
				ENABLE_TESTABILITY = YES;
				GCC_C_LANGUAGE_STANDARD = gnu99;
				GCC_DYNAMIC_NO_PIC = NO;
				GCC_NO_COMMON_BLOCKS = YES;
				GCC_OPTIMIZATION_LEVEL = 0;
				GCC_PREPROCESSOR_DEFINITIONS = (
					"DEBUG=1",
					"$(inherited)",
				);
				GCC_WARN_64_TO_32_BIT_CONVERSION = YES;
				GCC_WARN_ABOUT_RETURN_TYPE = YES_ERROR;
				GCC_WARN_UNDECLARED_SELECTOR = YES;
				GCC_WARN_UNINITIALIZED_AUTOS = YES_AGGRESSIVE;
				GCC_WARN_UNUSED_FUNCTION = YES;
				GCC_WARN_UNUSED_VARIABLE = YES;
				IPHONEOS_DEPLOYMENT_TARGET = 9.3;
				MTL_ENABLE_DEBUG_INFO = YES;
				ONLY_ACTIVE_ARCH = YES;
				SDKROOT = iphoneos;
				TARGETED_DEVICE_FAMILY = "1,2";
			};
			name = Debug;
		};
		358D3EF01D7AE27E00ADE778 /* Release */ = {
			isa = XCBuildConfiguration;
			buildSettings = {
				ALWAYS_SEARCH_USER_PATHS = NO;
				CLANG_ANALYZER_NONNULL = YES;
				CLANG_CXX_LANGUAGE_STANDARD = "gnu++0x";
				CLANG_CXX_LIBRARY = "libc++";
				CLANG_ENABLE_MODULES = YES;
				CLANG_ENABLE_OBJC_ARC = YES;
				CLANG_WARN_BOOL_CONVERSION = YES;
				CLANG_WARN_CONSTANT_CONVERSION = YES;
				CLANG_WARN_DIRECT_OBJC_ISA_USAGE = YES_ERROR;
				CLANG_WARN_EMPTY_BODY = YES;
				CLANG_WARN_ENUM_CONVERSION = YES;
				CLANG_WARN_INFINITE_RECURSION = YES;
				CLANG_WARN_INT_CONVERSION = YES;
				CLANG_WARN_OBJC_ROOT_CLASS = YES_ERROR;
				CLANG_WARN_SUSPICIOUS_MOVE = YES;
				CLANG_WARN_UNREACHABLE_CODE = YES;
				CLANG_WARN__DUPLICATE_METHOD_MATCH = YES;
				"CODE_SIGN_IDENTITY[sdk=iphoneos*]" = "iPhone Developer";
				COPY_PHASE_STRIP = NO;
				DEBUG_INFORMATION_FORMAT = "dwarf-with-dsym";
				ENABLE_NS_ASSERTIONS = NO;
				ENABLE_STRICT_OBJC_MSGSEND = YES;
				GCC_C_LANGUAGE_STANDARD = gnu99;
				GCC_NO_COMMON_BLOCKS = YES;
				GCC_WARN_64_TO_32_BIT_CONVERSION = YES;
				GCC_WARN_ABOUT_RETURN_TYPE = YES_ERROR;
				GCC_WARN_UNDECLARED_SELECTOR = YES;
				GCC_WARN_UNINITIALIZED_AUTOS = YES_AGGRESSIVE;
				GCC_WARN_UNUSED_FUNCTION = YES;
				GCC_WARN_UNUSED_VARIABLE = YES;
				IPHONEOS_DEPLOYMENT_TARGET = 9.3;
				MTL_ENABLE_DEBUG_INFO = NO;
				SDKROOT = iphoneos;
				TARGETED_DEVICE_FAMILY = "1,2";
				VALIDATE_PRODUCT = YES;
			};
			name = Release;
		};
		358D3EF21D7AE27E00ADE778 /* Debug */ = {
			isa = XCBuildConfiguration;
			baseConfigurationReference = D33CB49D6ADA1DE69AB79DEF /* Pods-XLsn0wKit.debug.xcconfig */;
			buildSettings = {
				ASSETCATALOG_COMPILER_APPICON_NAME = AppIcon;
				CODE_SIGN_IDENTITY = "iPhone Developer";
				"CODE_SIGN_IDENTITY[sdk=iphoneos*]" = "iPhone Developer";
				FRAMEWORK_SEARCH_PATHS = (
					"$(inherited)",
					"$(PROJECT_DIR)/XLsn0wClass/Frameworks",
					"$(PROJECT_DIR)/XLsn0w/Frameworks",
				);
				INFOPLIST_FILE = XLsn0wKit/Info.plist;
				IPHONEOS_DEPLOYMENT_TARGET = 8.0;
				LD_RUNPATH_SEARCH_PATHS = "$(inherited) @executable_path/Frameworks";
				PRODUCT_BUNDLE_IDENTIFIER = com.xlsn0w.XLsn0wKit;
				PRODUCT_NAME = "$(TARGET_NAME)";
				PROVISIONING_PROFILE = "";
				TARGETED_DEVICE_FAMILY = 1;
			};
			name = Debug;
		};
		358D3EF31D7AE27E00ADE778 /* Release */ = {
			isa = XCBuildConfiguration;
			baseConfigurationReference = 869A33EE511FC74F45811282 /* Pods-XLsn0wKit.release.xcconfig */;
			buildSettings = {
				ASSETCATALOG_COMPILER_APPICON_NAME = AppIcon;
				CODE_SIGN_IDENTITY = "iPhone Developer";
				"CODE_SIGN_IDENTITY[sdk=iphoneos*]" = "iPhone Developer";
				FRAMEWORK_SEARCH_PATHS = (
					"$(inherited)",
					"$(PROJECT_DIR)/XLsn0wClass/Frameworks",
					"$(PROJECT_DIR)/XLsn0w/Frameworks",
				);
				INFOPLIST_FILE = XLsn0wKit/Info.plist;
				IPHONEOS_DEPLOYMENT_TARGET = 8.0;
				LD_RUNPATH_SEARCH_PATHS = "$(inherited) @executable_path/Frameworks";
				PRODUCT_BUNDLE_IDENTIFIER = com.xlsn0w.XLsn0wKit;
				PRODUCT_NAME = "$(TARGET_NAME)";
				PROVISIONING_PROFILE = "";
				TARGETED_DEVICE_FAMILY = 1;
			};
			name = Release;
		};
/* End XCBuildConfiguration section */

/* Begin XCConfigurationList section */
		358D3ED51D7AE27E00ADE778 /* Build configuration list for PBXProject "XLsn0wKit" */ = {
			isa = XCConfigurationList;
			buildConfigurations = (
				358D3EEF1D7AE27E00ADE778 /* Debug */,
				358D3EF01D7AE27E00ADE778 /* Release */,
			);
			defaultConfigurationIsVisible = 0;
			defaultConfigurationName = Release;
		};
		358D3EF11D7AE27E00ADE778 /* Build configuration list for PBXNativeTarget "XLsn0wKit" */ = {
			isa = XCConfigurationList;
			buildConfigurations = (
				358D3EF21D7AE27E00ADE778 /* Debug */,
				358D3EF31D7AE27E00ADE778 /* Release */,
			);
			defaultConfigurationIsVisible = 0;
			defaultConfigurationName = Release;
		};
/* End XCConfigurationList section */
	};
	rootObject = 358D3ED21D7AE27E00ADE778 /* Project object */;
}
