// !$*UTF8*$!
{
	archiveVersion = 1;
	classes = {
	};
	objectVersion = 46;
	objects = {

/* Begin PBXBuildFile section */
		3527DF3F1DBDFCF20097A085 /* XLsn0wAnimation.m in Sources */ = {isa = PBXBuildFile; fileRef = 3527DF3E1DBDFCF20097A085 /* XLsn0wAnimation.m */; };
		352DE78F1D7D5E9700C5E109 /* XLsn0wKit.podspec in Resources */ = {isa = PBXBuildFile; fileRef = 352DE76F1D7D5E9700C5E109 /* XLsn0wKit.podspec */; };
		352DE7971D7D5EFD00C5E109 /* XLsn0wKit.bundle in Resources */ = {isa = PBXBuildFile; fileRef = 352DE7961D7D5EFD00C5E109 /* XLsn0wKit.bundle */; };
		352DE7991D7D5F8200C5E109 /* libz.tbd in Frameworks */ = {isa = PBXBuildFile; fileRef = 352DE7981D7D5F8200C5E109 /* libz.tbd */; };
		352DE79B1D7D5F8800C5E109 /* libsqlite3.tbd in Frameworks */ = {isa = PBXBuildFile; fileRef = 352DE79A1D7D5F8800C5E109 /* libsqlite3.tbd */; };
		352DE79D1D7D5F9B00C5E109 /* CoreText.framework in Frameworks */ = {isa = PBXBuildFile; fileRef = 352DE79C1D7D5F9B00C5E109 /* CoreText.framework */; };
		352DE79F1D7D5FAB00C5E109 /* CoreGraphics.framework in Frameworks */ = {isa = PBXBuildFile; fileRef = 352DE79E1D7D5FAB00C5E109 /* CoreGraphics.framework */; };
		352DE7A11D7D5FB000C5E109 /* UIKit.framework in Frameworks */ = {isa = PBXBuildFile; fileRef = 352DE7A01D7D5FB000C5E109 /* UIKit.framework */; };
		352DE7A31D7D5FB700C5E109 /* Foundation.framework in Frameworks */ = {isa = PBXBuildFile; fileRef = 352DE7A21D7D5FB700C5E109 /* Foundation.framework */; };
		352DE7A51D7D5FD800C5E109 /* QuartzCore.framework in Frameworks */ = {isa = PBXBuildFile; fileRef = 352DE7A41D7D5FD800C5E109 /* QuartzCore.framework */; };
		352DE7A71D7D5FDD00C5E109 /* CoreImage.framework in Frameworks */ = {isa = PBXBuildFile; fileRef = 352DE7A61D7D5FDD00C5E109 /* CoreImage.framework */; };
		352DE7A91D7D5FEA00C5E109 /* ImageIO.framework in Frameworks */ = {isa = PBXBuildFile; fileRef = 352DE7A81D7D5FEA00C5E109 /* ImageIO.framework */; };
		352DE7AB1D7D5FED00C5E109 /* AssetsLibrary.framework in Frameworks */ = {isa = PBXBuildFile; fileRef = 352DE7AA1D7D5FED00C5E109 /* AssetsLibrary.framework */; };
		352DE7AD1D7D5FFB00C5E109 /* Accelerate.framework in Frameworks */ = {isa = PBXBuildFile; fileRef = 352DE7AC1D7D5FFB00C5E109 /* Accelerate.framework */; };
		352DE7AF1D7D600500C5E109 /* MobileCoreServices.framework in Frameworks */ = {isa = PBXBuildFile; fileRef = 352DE7AE1D7D600500C5E109 /* MobileCoreServices.framework */; };
		352DE7B11D7D600E00C5E109 /* SystemConfiguration.framework in Frameworks */ = {isa = PBXBuildFile; fileRef = 352DE7B01D7D600E00C5E109 /* SystemConfiguration.framework */; };
		3547EAA81DD4648C00F7648A /* XLsn0wGuidePager.m in Sources */ = {isa = PBXBuildFile; fileRef = 3547EAA71DD4648C00F7648A /* XLsn0wGuidePager.m */; };
		355CD5AB1DCEF9A500AD8096 /* XLsn0wFilterMenu.m in Sources */ = {isa = PBXBuildFile; fileRef = 355CD5AA1DCEF9A500AD8096 /* XLsn0wFilterMenu.m */; };
		356DD8C61D8546AC000BDB95 /* ViewController.m in Sources */ = {isa = PBXBuildFile; fileRef = 356DD8C41D8546AC000BDB95 /* ViewController.m */; };
		356DD8C71D8546AC000BDB95 /* Main.storyboard in Resources */ = {isa = PBXBuildFile; fileRef = 356DD8C51D8546AC000BDB95 /* Main.storyboard */; };
		357AE0AE1DB8F28200B87510 /* XLsn0wSegmentedBar.m in Sources */ = {isa = PBXBuildFile; fileRef = 357AE0AD1DB8F28200B87510 /* XLsn0wSegmentedBar.m */; };
		357AE6C61DACD22A006BEB7A /* KeyBoardHepler.m in Sources */ = {isa = PBXBuildFile; fileRef = 357AE6C51DACD22A006BEB7A /* KeyBoardHepler.m */; };
		357AE6D41DACD2CB006BEB7A /* UIButton+ImageTitleLayout.m in Sources */ = {isa = PBXBuildFile; fileRef = 357AE6CA1DACD2CB006BEB7A /* UIButton+ImageTitleLayout.m */; };
		357AE6D51DACD2CB006BEB7A /* UIButton+XLsn0wBadge.m in Sources */ = {isa = PBXBuildFile; fileRef = 357AE6CC1DACD2CB006BEB7A /* UIButton+XLsn0wBadge.m */; };
		357AE6D61DACD2CB006BEB7A /* XLsn0wTextView.m in Sources */ = {isa = PBXBuildFile; fileRef = 357AE6CF1DACD2CB006BEB7A /* XLsn0wTextView.m */; };
		357AE6D71DACD2CB006BEB7A /* XLsn0w3DHierarchyWindow.m in Sources */ = {isa = PBXBuildFile; fileRef = 357AE6D21DACD2CB006BEB7A /* XLsn0w3DHierarchyWindow.m */; };
		358D3EDF1D7AE27E00ADE778 /* main.m in Sources */ = {isa = PBXBuildFile; fileRef = 358D3EDE1D7AE27E00ADE778 /* main.m */; };
		358D3EE21D7AE27E00ADE778 /* AppDelegate.m in Sources */ = {isa = PBXBuildFile; fileRef = 358D3EE11D7AE27E00ADE778 /* AppDelegate.m */; };
		358D3EEA1D7AE27E00ADE778 /* Assets.xcassets in Resources */ = {isa = PBXBuildFile; fileRef = 358D3EE91D7AE27E00ADE778 /* Assets.xcassets */; };
		358D3EED1D7AE27E00ADE778 /* LaunchScreen.storyboard in Resources */ = {isa = PBXBuildFile; fileRef = 358D3EEB1D7AE27E00ADE778 /* LaunchScreen.storyboard */; };
		35A78C551DAB7F9200D9D180 /* XLsn0wClassMethods.m in Sources */ = {isa = PBXBuildFile; fileRef = 35A78C531DAB7F9200D9D180 /* XLsn0wClassMethods.m */; };
		35A78C581DAB7FA200D9D180 /* XLsn0wInstanceMethods.m in Sources */ = {isa = PBXBuildFile; fileRef = 35A78C561DAB7FA200D9D180 /* XLsn0wInstanceMethods.m */; };
		35A78C8D1DAB809000D9D180 /* ClearCacheTool.m in Sources */ = {isa = PBXBuildFile; fileRef = 35A78C5C1DAB809000D9D180 /* ClearCacheTool.m */; };
		35A78C8E1DAB809000D9D180 /* IMYLanguageManager.m in Sources */ = {isa = PBXBuildFile; fileRef = 35A78C5F1DAB809000D9D180 /* IMYLanguageManager.m */; };
		35A78C8F1DAB809000D9D180 /* LanguagesManager.m in Sources */ = {isa = PBXBuildFile; fileRef = 35A78C611DAB809000D9D180 /* LanguagesManager.m */; };
		35A78C901DAB809000D9D180 /* QRCodeTool.m in Sources */ = {isa = PBXBuildFile; fileRef = 35A78C641DAB809000D9D180 /* QRCodeTool.m */; };
		35A78C921DAB809000D9D180 /* RegExTool.m in Sources */ = {isa = PBXBuildFile; fileRef = 35A78C6A1DAB809000D9D180 /* RegExTool.m */; };
		35A78C931DAB809000D9D180 /* UpdateVersionTool.m in Sources */ = {isa = PBXBuildFile; fileRef = 35A78C6D1DAB809000D9D180 /* UpdateVersionTool.m */; };
		35A78C941DAB809000D9D180 /* UITableView+XLsn0wAutoLayoutCellHeight.m in Sources */ = {isa = PBXBuildFile; fileRef = 35A78C701DAB809000D9D180 /* UITableView+XLsn0wAutoLayoutCellHeight.m */; };
		35A78C951DAB809000D9D180 /* UIView+XLsn0wAutoLayout.m in Sources */ = {isa = PBXBuildFile; fileRef = 35A78C721DAB809000D9D180 /* UIView+XLsn0wAutoLayout.m */; };
		35A78C961DAB809000D9D180 /* XLsn0wCollectionViewFlowLayout.m in Sources */ = {isa = PBXBuildFile; fileRef = 35A78C751DAB809000D9D180 /* XLsn0wCollectionViewFlowLayout.m */; };
		35A78C981DAB809000D9D180 /* ScanQRCodeView.m in Sources */ = {isa = PBXBuildFile; fileRef = 35A78C7B1DAB809000D9D180 /* ScanQRCodeView.m */; };
		35A78C991DAB809000D9D180 /* ScanSuccessJumpVC.m in Sources */ = {isa = PBXBuildFile; fileRef = 35A78C7D1DAB809000D9D180 /* ScanSuccessJumpVC.m */; };
		35A78C9A1DAB809000D9D180 /* SGGenerateQRCodeVC.m in Sources */ = {isa = PBXBuildFile; fileRef = 35A78C7F1DAB809000D9D180 /* SGGenerateQRCodeVC.m */; };
		35A78C9B1DAB809000D9D180 /* XLsn0wQRCodeViewController.m in Sources */ = {isa = PBXBuildFile; fileRef = 35A78C811DAB809000D9D180 /* XLsn0wQRCodeViewController.m */; };
		35A78C9C1DAB809000D9D180 /* UIView+XLsn0wKit.m in Sources */ = {isa = PBXBuildFile; fileRef = 35A78C851DAB809000D9D180 /* UIView+XLsn0wKit.m */; };
		35A78C9D1DAB809000D9D180 /* XLsn0wRefresh.m in Sources */ = {isa = PBXBuildFile; fileRef = 35A78C871DAB809000D9D180 /* XLsn0wRefresh.m */; };
		35A78C9E1DAB809000D9D180 /* XLsn0wRefreshFooter.m in Sources */ = {isa = PBXBuildFile; fileRef = 35A78C891DAB809000D9D180 /* XLsn0wRefreshFooter.m */; };
		35A78C9F1DAB809000D9D180 /* XLsn0wRefreshHeader.m in Sources */ = {isa = PBXBuildFile; fileRef = 35A78C8B1DAB809000D9D180 /* XLsn0wRefreshHeader.m */; };
		35AD5F801DC8D2350072EDDC /* QRCodeReaderSupport.m in Sources */ = {isa = PBXBuildFile; fileRef = 35AD5F7D1DC8D2350072EDDC /* QRCodeReaderSupport.m */; };
		35AD5F811DC8D2350072EDDC /* XLsn0wQRCodeReader.m in Sources */ = {isa = PBXBuildFile; fileRef = 35AD5F7F1DC8D2350072EDDC /* XLsn0wQRCodeReader.m */; };
		35C009E81D7EE38C00659C7B /* AVFoundation.framework in Frameworks */ = {isa = PBXBuildFile; fileRef = 35C009E71D7EE38C00659C7B /* AVFoundation.framework */; };
		35C3A5C21DB64F7800CB3331 /* XLsn0wStarRating.m in Sources */ = {isa = PBXBuildFile; fileRef = 35C3A5C11DB64F7800CB3331 /* XLsn0wStarRating.m */; };
		430A9DED3203AAC11D19F6A2 /* libPods.a in Frameworks */ = {isa = PBXBuildFile; fileRef = A38D43F4BA534A9B0E119C76 /* libPods.a */; };
/* End PBXBuildFile section */

/* Begin PBXFileReference section */
		3527DF3B1DBDFC6E0097A085 /* DefaultXLsn0w.h */ = {isa = PBXFileReference; fileEncoding = 4; lastKnownFileType = sourcecode.c.h; path = DefaultXLsn0w.h; sourceTree = "<group>"; };
		3527DF3D1DBDFCF20097A085 /* XLsn0wAnimation.h */ = {isa = PBXFileReference; fileEncoding = 4; lastKnownFileType = sourcecode.c.h; path = XLsn0wAnimation.h; sourceTree = "<group>"; };
		3527DF3E1DBDFCF20097A085 /* XLsn0wAnimation.m */ = {isa = PBXFileReference; fileEncoding = 4; lastKnownFileType = sourcecode.c.objc; path = XLsn0wAnimation.m; sourceTree = "<group>"; };
		352DE76E1D7D5E9700C5E109 /* XLsn0wKit.h */ = {isa = PBXFileReference; fileEncoding = 4; lastKnownFileType = sourcecode.c.h; path = XLsn0wKit.h; sourceTree = "<group>"; };
		352DE76F1D7D5E9700C5E109 /* XLsn0wKit.podspec */ = {isa = PBXFileReference; fileEncoding = 4; lastKnownFileType = text; path = XLsn0wKit.podspec; sourceTree = "<group>"; };
		352DE7961D7D5EFD00C5E109 /* XLsn0wKit.bundle */ = {isa = PBXFileReference; lastKnownFileType = "wrapper.plug-in"; path = XLsn0wKit.bundle; sourceTree = "<group>"; };
		352DE7981D7D5F8200C5E109 /* libz.tbd */ = {isa = PBXFileReference; lastKnownFileType = "sourcecode.text-based-dylib-definition"; name = libz.tbd; path = usr/lib/libz.tbd; sourceTree = SDKROOT; };
		352DE79A1D7D5F8800C5E109 /* libsqlite3.tbd */ = {isa = PBXFileReference; lastKnownFileType = "sourcecode.text-based-dylib-definition"; name = libsqlite3.tbd; path = usr/lib/libsqlite3.tbd; sourceTree = SDKROOT; };
		352DE79C1D7D5F9B00C5E109 /* CoreText.framework */ = {isa = PBXFileReference; lastKnownFileType = wrapper.framework; name = CoreText.framework; path = System/Library/Frameworks/CoreText.framework; sourceTree = SDKROOT; };
		352DE79E1D7D5FAB00C5E109 /* CoreGraphics.framework */ = {isa = PBXFileReference; lastKnownFileType = wrapper.framework; name = CoreGraphics.framework; path = System/Library/Frameworks/CoreGraphics.framework; sourceTree = SDKROOT; };
		352DE7A01D7D5FB000C5E109 /* UIKit.framework */ = {isa = PBXFileReference; lastKnownFileType = wrapper.framework; name = UIKit.framework; path = System/Library/Frameworks/UIKit.framework; sourceTree = SDKROOT; };
		352DE7A21D7D5FB700C5E109 /* Foundation.framework */ = {isa = PBXFileReference; lastKnownFileType = wrapper.framework; name = Foundation.framework; path = System/Library/Frameworks/Foundation.framework; sourceTree = SDKROOT; };
		352DE7A41D7D5FD800C5E109 /* QuartzCore.framework */ = {isa = PBXFileReference; lastKnownFileType = wrapper.framework; name = QuartzCore.framework; path = System/Library/Frameworks/QuartzCore.framework; sourceTree = SDKROOT; };
		352DE7A61D7D5FDD00C5E109 /* CoreImage.framework */ = {isa = PBXFileReference; lastKnownFileType = wrapper.framework; name = CoreImage.framework; path = System/Library/Frameworks/CoreImage.framework; sourceTree = SDKROOT; };
		352DE7A81D7D5FEA00C5E109 /* ImageIO.framework */ = {isa = PBXFileReference; lastKnownFileType = wrapper.framework; name = ImageIO.framework; path = System/Library/Frameworks/ImageIO.framework; sourceTree = SDKROOT; };
		352DE7AA1D7D5FED00C5E109 /* AssetsLibrary.framework */ = {isa = PBXFileReference; lastKnownFileType = wrapper.framework; name = AssetsLibrary.framework; path = System/Library/Frameworks/AssetsLibrary.framework; sourceTree = SDKROOT; };
		352DE7AC1D7D5FFB00C5E109 /* Accelerate.framework */ = {isa = PBXFileReference; lastKnownFileType = wrapper.framework; name = Accelerate.framework; path = System/Library/Frameworks/Accelerate.framework; sourceTree = SDKROOT; };
		352DE7AE1D7D600500C5E109 /* MobileCoreServices.framework */ = {isa = PBXFileReference; lastKnownFileType = wrapper.framework; name = MobileCoreServices.framework; path = System/Library/Frameworks/MobileCoreServices.framework; sourceTree = SDKROOT; };
		352DE7B01D7D600E00C5E109 /* SystemConfiguration.framework */ = {isa = PBXFileReference; lastKnownFileType = wrapper.framework; name = SystemConfiguration.framework; path = System/Library/Frameworks/SystemConfiguration.framework; sourceTree = SDKROOT; };
		3547EAA61DD4648C00F7648A /* XLsn0wGuidePager.h */ = {isa = PBXFileReference; fileEncoding = 4; lastKnownFileType = sourcecode.c.h; path = XLsn0wGuidePager.h; sourceTree = "<group>"; };
		3547EAA71DD4648C00F7648A /* XLsn0wGuidePager.m */ = {isa = PBXFileReference; fileEncoding = 4; lastKnownFileType = sourcecode.c.objc; path = XLsn0wGuidePager.m; sourceTree = "<group>"; };
		355CD5A91DCEF9A500AD8096 /* XLsn0wFilterMenu.h */ = {isa = PBXFileReference; fileEncoding = 4; lastKnownFileType = sourcecode.c.h; path = XLsn0wFilterMenu.h; sourceTree = "<group>"; };
		355CD5AA1DCEF9A500AD8096 /* XLsn0wFilterMenu.m */ = {isa = PBXFileReference; fileEncoding = 4; lastKnownFileType = sourcecode.c.objc; path = XLsn0wFilterMenu.m; sourceTree = "<group>"; };
		356DD8C41D8546AC000BDB95 /* ViewController.m */ = {isa = PBXFileReference; fileEncoding = 4; lastKnownFileType = sourcecode.c.objc; path = ViewController.m; sourceTree = "<group>"; };
		356DD8C51D8546AC000BDB95 /* Main.storyboard */ = {isa = PBXFileReference; fileEncoding = 4; lastKnownFileType = file.storyboard; path = Main.storyboard; sourceTree = "<group>"; };
		357AE0AC1DB8F28200B87510 /* XLsn0wSegmentedBar.h */ = {isa = PBXFileReference; fileEncoding = 4; lastKnownFileType = sourcecode.c.h; path = XLsn0wSegmentedBar.h; sourceTree = "<group>"; };
		357AE0AD1DB8F28200B87510 /* XLsn0wSegmentedBar.m */ = {isa = PBXFileReference; fileEncoding = 4; lastKnownFileType = sourcecode.c.objc; path = XLsn0wSegmentedBar.m; sourceTree = "<group>"; };
		357AE6C41DACD22A006BEB7A /* KeyBoardHepler.h */ = {isa = PBXFileReference; fileEncoding = 4; lastKnownFileType = sourcecode.c.h; path = KeyBoardHepler.h; sourceTree = "<group>"; };
		357AE6C51DACD22A006BEB7A /* KeyBoardHepler.m */ = {isa = PBXFileReference; fileEncoding = 4; lastKnownFileType = sourcecode.c.objc; path = KeyBoardHepler.m; sourceTree = "<group>"; };
		357AE6C91DACD2CB006BEB7A /* UIButton+ImageTitleLayout.h */ = {isa = PBXFileReference; fileEncoding = 4; lastKnownFileType = sourcecode.c.h; path = "UIButton+ImageTitleLayout.h"; sourceTree = "<group>"; };
		357AE6CA1DACD2CB006BEB7A /* UIButton+ImageTitleLayout.m */ = {isa = PBXFileReference; fileEncoding = 4; lastKnownFileType = sourcecode.c.objc; path = "UIButton+ImageTitleLayout.m"; sourceTree = "<group>"; };
		357AE6CB1DACD2CB006BEB7A /* UIButton+XLsn0wBadge.h */ = {isa = PBXFileReference; fileEncoding = 4; lastKnownFileType = sourcecode.c.h; path = "UIButton+XLsn0wBadge.h"; sourceTree = "<group>"; };
		357AE6CC1DACD2CB006BEB7A /* UIButton+XLsn0wBadge.m */ = {isa = PBXFileReference; fileEncoding = 4; lastKnownFileType = sourcecode.c.objc; path = "UIButton+XLsn0wBadge.m"; sourceTree = "<group>"; };
		357AE6CE1DACD2CB006BEB7A /* XLsn0wTextView.h */ = {isa = PBXFileReference; fileEncoding = 4; lastKnownFileType = sourcecode.c.h; path = XLsn0wTextView.h; sourceTree = "<group>"; };
		357AE6CF1DACD2CB006BEB7A /* XLsn0wTextView.m */ = {isa = PBXFileReference; fileEncoding = 4; lastKnownFileType = sourcecode.c.objc; path = XLsn0wTextView.m; sourceTree = "<group>"; };
		357AE6D11DACD2CB006BEB7A /* XLsn0w3DHierarchyWindow.h */ = {isa = PBXFileReference; fileEncoding = 4; lastKnownFileType = sourcecode.c.h; path = XLsn0w3DHierarchyWindow.h; sourceTree = "<group>"; };
		357AE6D21DACD2CB006BEB7A /* XLsn0w3DHierarchyWindow.m */ = {isa = PBXFileReference; fileEncoding = 4; lastKnownFileType = sourcecode.c.objc; path = XLsn0w3DHierarchyWindow.m; sourceTree = "<group>"; };
		357AE6D31DACD2CB006BEB7A /* XLsn0wControls.h */ = {isa = PBXFileReference; fileEncoding = 4; lastKnownFileType = sourcecode.c.h; path = XLsn0wControls.h; sourceTree = "<group>"; };
		358D3EDA1D7AE27E00ADE778 /* XLsn0wKit.app */ = {isa = PBXFileReference; explicitFileType = wrapper.application; includeInIndex = 0; path = XLsn0wKit.app; sourceTree = BUILT_PRODUCTS_DIR; };
		358D3EDE1D7AE27E00ADE778 /* main.m */ = {isa = PBXFileReference; lastKnownFileType = sourcecode.c.objc; path = main.m; sourceTree = "<group>"; };
		358D3EE01D7AE27E00ADE778 /* AppDelegate.h */ = {isa = PBXFileReference; lastKnownFileType = sourcecode.c.h; path = AppDelegate.h; sourceTree = "<group>"; };
		358D3EE11D7AE27E00ADE778 /* AppDelegate.m */ = {isa = PBXFileReference; lastKnownFileType = sourcecode.c.objc; path = AppDelegate.m; sourceTree = "<group>"; };
		358D3EE31D7AE27E00ADE778 /* ViewController.h */ = {isa = PBXFileReference; lastKnownFileType = sourcecode.c.h; path = ViewController.h; sourceTree = "<group>"; };
		358D3EE91D7AE27E00ADE778 /* Assets.xcassets */ = {isa = PBXFileReference; lastKnownFileType = folder.assetcatalog; path = Assets.xcassets; sourceTree = "<group>"; };
		358D3EEC1D7AE27E00ADE778 /* Base */ = {isa = PBXFileReference; lastKnownFileType = file.storyboard; name = Base; path = Base.lproj/LaunchScreen.storyboard; sourceTree = "<group>"; };
		358D3EEE1D7AE27E00ADE778 /* Info.plist */ = {isa = PBXFileReference; lastKnownFileType = text.plist.xml; path = Info.plist; sourceTree = "<group>"; };
		35A78C531DAB7F9200D9D180 /* XLsn0wClassMethods.m */ = {isa = PBXFileReference; fileEncoding = 4; lastKnownFileType = sourcecode.c.objc; path = XLsn0wClassMethods.m; sourceTree = "<group>"; };
		35A78C541DAB7F9200D9D180 /* XLsn0wClassMethods.h */ = {isa = PBXFileReference; fileEncoding = 4; lastKnownFileType = sourcecode.c.h; path = XLsn0wClassMethods.h; sourceTree = "<group>"; };
		35A78C561DAB7FA200D9D180 /* XLsn0wInstanceMethods.m */ = {isa = PBXFileReference; fileEncoding = 4; lastKnownFileType = sourcecode.c.objc; path = XLsn0wInstanceMethods.m; sourceTree = "<group>"; };
		35A78C571DAB7FA200D9D180 /* XLsn0wInstanceMethods.h */ = {isa = PBXFileReference; fileEncoding = 4; lastKnownFileType = sourcecode.c.h; path = XLsn0wInstanceMethods.h; sourceTree = "<group>"; };
		35A78C5B1DAB809000D9D180 /* ClearCacheTool.h */ = {isa = PBXFileReference; fileEncoding = 4; lastKnownFileType = sourcecode.c.h; path = ClearCacheTool.h; sourceTree = "<group>"; };
		35A78C5C1DAB809000D9D180 /* ClearCacheTool.m */ = {isa = PBXFileReference; fileEncoding = 4; lastKnownFileType = sourcecode.c.objc; path = ClearCacheTool.m; sourceTree = "<group>"; };
		35A78C5E1DAB809000D9D180 /* IMYLanguageManager.h */ = {isa = PBXFileReference; fileEncoding = 4; lastKnownFileType = sourcecode.c.h; path = IMYLanguageManager.h; sourceTree = "<group>"; };
		35A78C5F1DAB809000D9D180 /* IMYLanguageManager.m */ = {isa = PBXFileReference; fileEncoding = 4; lastKnownFileType = sourcecode.c.objc; path = IMYLanguageManager.m; sourceTree = "<group>"; };
		35A78C601DAB809000D9D180 /* LanguagesManager.h */ = {isa = PBXFileReference; fileEncoding = 4; lastKnownFileType = sourcecode.c.h; path = LanguagesManager.h; sourceTree = "<group>"; };
		35A78C611DAB809000D9D180 /* LanguagesManager.m */ = {isa = PBXFileReference; fileEncoding = 4; lastKnownFileType = sourcecode.c.objc; path = LanguagesManager.m; sourceTree = "<group>"; };
		35A78C631DAB809000D9D180 /* QRCodeTool.h */ = {isa = PBXFileReference; fileEncoding = 4; lastKnownFileType = sourcecode.c.h; path = QRCodeTool.h; sourceTree = "<group>"; };
		35A78C641DAB809000D9D180 /* QRCodeTool.m */ = {isa = PBXFileReference; fileEncoding = 4; lastKnownFileType = sourcecode.c.objc; path = QRCodeTool.m; sourceTree = "<group>"; };
		35A78C691DAB809000D9D180 /* RegExTool.h */ = {isa = PBXFileReference; fileEncoding = 4; lastKnownFileType = sourcecode.c.h; path = RegExTool.h; sourceTree = "<group>"; };
		35A78C6A1DAB809000D9D180 /* RegExTool.m */ = {isa = PBXFileReference; fileEncoding = 4; lastKnownFileType = sourcecode.c.objc; path = RegExTool.m; sourceTree = "<group>"; };
		35A78C6C1DAB809000D9D180 /* UpdateVersionTool.h */ = {isa = PBXFileReference; fileEncoding = 4; lastKnownFileType = sourcecode.c.h; path = UpdateVersionTool.h; sourceTree = "<group>"; };
		35A78C6D1DAB809000D9D180 /* UpdateVersionTool.m */ = {isa = PBXFileReference; fileEncoding = 4; lastKnownFileType = sourcecode.c.objc; path = UpdateVersionTool.m; sourceTree = "<group>"; };
		35A78C6F1DAB809000D9D180 /* UITableView+XLsn0wAutoLayoutCellHeight.h */ = {isa = PBXFileReference; fileEncoding = 4; lastKnownFileType = sourcecode.c.h; path = "UITableView+XLsn0wAutoLayoutCellHeight.h"; sourceTree = "<group>"; };
		35A78C701DAB809000D9D180 /* UITableView+XLsn0wAutoLayoutCellHeight.m */ = {isa = PBXFileReference; fileEncoding = 4; lastKnownFileType = sourcecode.c.objc; path = "UITableView+XLsn0wAutoLayoutCellHeight.m"; sourceTree = "<group>"; };
		35A78C711DAB809000D9D180 /* UIView+XLsn0wAutoLayout.h */ = {isa = PBXFileReference; fileEncoding = 4; lastKnownFileType = sourcecode.c.h; path = "UIView+XLsn0wAutoLayout.h"; sourceTree = "<group>"; };
		35A78C721DAB809000D9D180 /* UIView+XLsn0wAutoLayout.m */ = {isa = PBXFileReference; fileEncoding = 4; lastKnownFileType = sourcecode.c.objc; path = "UIView+XLsn0wAutoLayout.m"; sourceTree = "<group>"; };
		35A78C741DAB809000D9D180 /* XLsn0wCollectionViewFlowLayout.h */ = {isa = PBXFileReference; fileEncoding = 4; lastKnownFileType = sourcecode.c.h; path = XLsn0wCollectionViewFlowLayout.h; sourceTree = "<group>"; };
		35A78C751DAB809000D9D180 /* XLsn0wCollectionViewFlowLayout.m */ = {isa = PBXFileReference; fileEncoding = 4; lastKnownFileType = sourcecode.c.objc; path = XLsn0wCollectionViewFlowLayout.m; sourceTree = "<group>"; };
		35A78C7A1DAB809000D9D180 /* ScanQRCodeView.h */ = {isa = PBXFileReference; fileEncoding = 4; lastKnownFileType = sourcecode.c.h; path = ScanQRCodeView.h; sourceTree = "<group>"; };
		35A78C7B1DAB809000D9D180 /* ScanQRCodeView.m */ = {isa = PBXFileReference; fileEncoding = 4; lastKnownFileType = sourcecode.c.objc; path = ScanQRCodeView.m; sourceTree = "<group>"; };
		35A78C7C1DAB809000D9D180 /* ScanSuccessJumpVC.h */ = {isa = PBXFileReference; fileEncoding = 4; lastKnownFileType = sourcecode.c.h; path = ScanSuccessJumpVC.h; sourceTree = "<group>"; };
		35A78C7D1DAB809000D9D180 /* ScanSuccessJumpVC.m */ = {isa = PBXFileReference; fileEncoding = 4; lastKnownFileType = sourcecode.c.objc; path = ScanSuccessJumpVC.m; sourceTree = "<group>"; };
		35A78C7E1DAB809000D9D180 /* SGGenerateQRCodeVC.h */ = {isa = PBXFileReference; fileEncoding = 4; lastKnownFileType = sourcecode.c.h; path = SGGenerateQRCodeVC.h; sourceTree = "<group>"; };
		35A78C7F1DAB809000D9D180 /* SGGenerateQRCodeVC.m */ = {isa = PBXFileReference; fileEncoding = 4; lastKnownFileType = sourcecode.c.objc; path = SGGenerateQRCodeVC.m; sourceTree = "<group>"; };
		35A78C801DAB809000D9D180 /* XLsn0wQRCodeViewController.h */ = {isa = PBXFileReference; fileEncoding = 4; lastKnownFileType = sourcecode.c.h; path = XLsn0wQRCodeViewController.h; sourceTree = "<group>"; };
		35A78C811DAB809000D9D180 /* XLsn0wQRCodeViewController.m */ = {isa = PBXFileReference; fileEncoding = 4; lastKnownFileType = sourcecode.c.objc; path = XLsn0wQRCodeViewController.m; sourceTree = "<group>"; };
		35A78C831DAB809000D9D180 /* Refresh.h */ = {isa = PBXFileReference; fileEncoding = 4; lastKnownFileType = sourcecode.c.h; path = Refresh.h; sourceTree = "<group>"; };
		35A78C841DAB809000D9D180 /* UIView+XLsn0wKit.h */ = {isa = PBXFileReference; fileEncoding = 4; lastKnownFileType = sourcecode.c.h; path = "UIView+XLsn0wKit.h"; sourceTree = "<group>"; };
		35A78C851DAB809000D9D180 /* UIView+XLsn0wKit.m */ = {isa = PBXFileReference; fileEncoding = 4; lastKnownFileType = sourcecode.c.objc; path = "UIView+XLsn0wKit.m"; sourceTree = "<group>"; };
		35A78C861DAB809000D9D180 /* XLsn0wRefresh.h */ = {isa = PBXFileReference; fileEncoding = 4; lastKnownFileType = sourcecode.c.h; path = XLsn0wRefresh.h; sourceTree = "<group>"; };
		35A78C871DAB809000D9D180 /* XLsn0wRefresh.m */ = {isa = PBXFileReference; fileEncoding = 4; lastKnownFileType = sourcecode.c.objc; path = XLsn0wRefresh.m; sourceTree = "<group>"; };
		35A78C881DAB809000D9D180 /* XLsn0wRefreshFooter.h */ = {isa = PBXFileReference; fileEncoding = 4; lastKnownFileType = sourcecode.c.h; path = XLsn0wRefreshFooter.h; sourceTree = "<group>"; };
		35A78C891DAB809000D9D180 /* XLsn0wRefreshFooter.m */ = {isa = PBXFileReference; fileEncoding = 4; lastKnownFileType = sourcecode.c.objc; path = XLsn0wRefreshFooter.m; sourceTree = "<group>"; };
		35A78C8A1DAB809000D9D180 /* XLsn0wRefreshHeader.h */ = {isa = PBXFileReference; fileEncoding = 4; lastKnownFileType = sourcecode.c.h; path = XLsn0wRefreshHeader.h; sourceTree = "<group>"; };
		35A78C8B1DAB809000D9D180 /* XLsn0wRefreshHeader.m */ = {isa = PBXFileReference; fileEncoding = 4; lastKnownFileType = sourcecode.c.objc; path = XLsn0wRefreshHeader.m; sourceTree = "<group>"; };
		35A78C8C1DAB809000D9D180 /* XLsn0wComponents.h */ = {isa = PBXFileReference; fileEncoding = 4; lastKnownFileType = sourcecode.c.h; path = XLsn0wComponents.h; sourceTree = "<group>"; };
		35AD5F7C1DC8D2350072EDDC /* QRCodeReaderSupport.h */ = {isa = PBXFileReference; fileEncoding = 4; lastKnownFileType = sourcecode.c.h; path = QRCodeReaderSupport.h; sourceTree = "<group>"; };
		35AD5F7D1DC8D2350072EDDC /* QRCodeReaderSupport.m */ = {isa = PBXFileReference; fileEncoding = 4; lastKnownFileType = sourcecode.c.objc; path = QRCodeReaderSupport.m; sourceTree = "<group>"; };
		35AD5F7E1DC8D2350072EDDC /* XLsn0wQRCodeReader.h */ = {isa = PBXFileReference; fileEncoding = 4; lastKnownFileType = sourcecode.c.h; path = XLsn0wQRCodeReader.h; sourceTree = "<group>"; };
		35AD5F7F1DC8D2350072EDDC /* XLsn0wQRCodeReader.m */ = {isa = PBXFileReference; fileEncoding = 4; lastKnownFileType = sourcecode.c.objc; path = XLsn0wQRCodeReader.m; sourceTree = "<group>"; };
		35C009E71D7EE38C00659C7B /* AVFoundation.framework */ = {isa = PBXFileReference; lastKnownFileType = wrapper.framework; name = AVFoundation.framework; path = System/Library/Frameworks/AVFoundation.framework; sourceTree = SDKROOT; };
		35C3A5C01DB64F7800CB3331 /* XLsn0wStarRating.h */ = {isa = PBXFileReference; fileEncoding = 4; lastKnownFileType = sourcecode.c.h; path = XLsn0wStarRating.h; sourceTree = "<group>"; };
		35C3A5C11DB64F7800CB3331 /* XLsn0wStarRating.m */ = {isa = PBXFileReference; fileEncoding = 4; lastKnownFileType = sourcecode.c.objc; path = XLsn0wStarRating.m; sourceTree = "<group>"; };
		470392E18AAF29458E4F8E2C /* Pods.release.xcconfig */ = {isa = PBXFileReference; includeInIndex = 1; lastKnownFileType = text.xcconfig; name = Pods.release.xcconfig; path = "Pods/Target Support Files/Pods/Pods.release.xcconfig"; sourceTree = "<group>"; };
		A38D43F4BA534A9B0E119C76 /* libPods.a */ = {isa = PBXFileReference; explicitFileType = archive.ar; includeInIndex = 0; path = libPods.a; sourceTree = BUILT_PRODUCTS_DIR; };
		F02FD23F26D498B42704CE47 /* Pods.debug.xcconfig */ = {isa = PBXFileReference; includeInIndex = 1; lastKnownFileType = text.xcconfig; name = Pods.debug.xcconfig; path = "Pods/Target Support Files/Pods/Pods.debug.xcconfig"; sourceTree = "<group>"; };
/* End PBXFileReference section */

/* Begin PBXFrameworksBuildPhase section */
		358D3ED71D7AE27E00ADE778 /* Frameworks */ = {
			isa = PBXFrameworksBuildPhase;
			buildActionMask = 2147483647;
			files = (
				35C009E81D7EE38C00659C7B /* AVFoundation.framework in Frameworks */,
				352DE7B11D7D600E00C5E109 /* SystemConfiguration.framework in Frameworks */,
				352DE7AF1D7D600500C5E109 /* MobileCoreServices.framework in Frameworks */,
				352DE7AD1D7D5FFB00C5E109 /* Accelerate.framework in Frameworks */,
				352DE7AB1D7D5FED00C5E109 /* AssetsLibrary.framework in Frameworks */,
				352DE7A91D7D5FEA00C5E109 /* ImageIO.framework in Frameworks */,
				352DE7A71D7D5FDD00C5E109 /* CoreImage.framework in Frameworks */,
				352DE7A51D7D5FD800C5E109 /* QuartzCore.framework in Frameworks */,
				352DE7A31D7D5FB700C5E109 /* Foundation.framework in Frameworks */,
				352DE7A11D7D5FB000C5E109 /* UIKit.framework in Frameworks */,
				352DE79F1D7D5FAB00C5E109 /* CoreGraphics.framework in Frameworks */,
				352DE79D1D7D5F9B00C5E109 /* CoreText.framework in Frameworks */,
				352DE79B1D7D5F8800C5E109 /* libsqlite3.tbd in Frameworks */,
				352DE7991D7D5F8200C5E109 /* libz.tbd in Frameworks */,
				430A9DED3203AAC11D19F6A2 /* libPods.a in Frameworks */,
			);
			runOnlyForDeploymentPostprocessing = 0;
		};
/* End PBXFrameworksBuildPhase section */

/* Begin PBXGroup section */
		2D2599D79D90B3123E9786A0 /* Frameworks */ = {
			isa = PBXGroup;
			children = (
				35C009E71D7EE38C00659C7B /* AVFoundation.framework */,
				A38D43F4BA534A9B0E119C76 /* libPods.a */,
			);
			name = Frameworks;
			sourceTree = "<group>";
		};
		3527DF371DBDFC1E0097A085 /* DefaultXLsn0w */ = {
			isa = PBXGroup;
			children = (
				3527DF3B1DBDFC6E0097A085 /* DefaultXLsn0w.h */,
				3527DF3C1DBDFCF20097A085 /* XLsn0wAnimation */,
			);
			path = DefaultXLsn0w;
			sourceTree = "<group>";
		};
		3527DF3C1DBDFCF20097A085 /* XLsn0wAnimation */ = {
			isa = PBXGroup;
			children = (
				3527DF3D1DBDFCF20097A085 /* XLsn0wAnimation.h */,
				3527DF3E1DBDFCF20097A085 /* XLsn0wAnimation.m */,
			);
			path = XLsn0wAnimation;
			sourceTree = "<group>";
		};
		352DE7401D7D5E9700C5E109 /* XLsn0w */ = {
			isa = PBXGroup;
			children = (
				352DE76F1D7D5E9700C5E109 /* XLsn0wKit.podspec */,
				352DE76E1D7D5E9700C5E109 /* XLsn0wKit.h */,
				3527DF371DBDFC1E0097A085 /* DefaultXLsn0w */,
				35A78C521DAB7F7900D9D180 /* XLsn0wClassMethods */,
				35A78C511DAB7F6D00D9D180 /* XLsn0wInstanceMethods */,
				35A78C591DAB809000D9D180 /* XLsn0wComponents */,
				352DE7951D7D5EFD00C5E109 /* Resources */,
				352DE7411D7D5E9700C5E109 /* Frameworks */,
			);
			path = XLsn0w;
			sourceTree = "<group>";
		};
		352DE7411D7D5E9700C5E109 /* Frameworks */ = {
			isa = PBXGroup;
			children = (
				352DE7B01D7D600E00C5E109 /* SystemConfiguration.framework */,
				352DE7AE1D7D600500C5E109 /* MobileCoreServices.framework */,
				352DE7AC1D7D5FFB00C5E109 /* Accelerate.framework */,
				352DE7AA1D7D5FED00C5E109 /* AssetsLibrary.framework */,
				352DE7A81D7D5FEA00C5E109 /* ImageIO.framework */,
				352DE7A61D7D5FDD00C5E109 /* CoreImage.framework */,
				352DE7A41D7D5FD800C5E109 /* QuartzCore.framework */,
				352DE7A21D7D5FB700C5E109 /* Foundation.framework */,
				352DE7A01D7D5FB000C5E109 /* UIKit.framework */,
				352DE79E1D7D5FAB00C5E109 /* CoreGraphics.framework */,
				352DE79C1D7D5F9B00C5E109 /* CoreText.framework */,
				352DE79A1D7D5F8800C5E109 /* libsqlite3.tbd */,
				352DE7981D7D5F8200C5E109 /* libz.tbd */,
			);
			path = Frameworks;
			sourceTree = "<group>";
		};
		352DE7951D7D5EFD00C5E109 /* Resources */ = {
			isa = PBXGroup;
			children = (
				352DE7961D7D5EFD00C5E109 /* XLsn0wKit.bundle */,
			);
			path = Resources;
			sourceTree = "<group>";
		};
		3547EA9E1DD45D4D00F7648A /* XLsn0wGuidePager */ = {
			isa = PBXGroup;
			children = (
				3547EAA61DD4648C00F7648A /* XLsn0wGuidePager.h */,
				3547EAA71DD4648C00F7648A /* XLsn0wGuidePager.m */,
			);
			path = XLsn0wGuidePager;
			sourceTree = "<group>";
		};
		355CD5A81DCEF9A500AD8096 /* XLsn0wFilterMenu */ = {
			isa = PBXGroup;
			children = (
				355CD5A91DCEF9A500AD8096 /* XLsn0wFilterMenu.h */,
				355CD5AA1DCEF9A500AD8096 /* XLsn0wFilterMenu.m */,
			);
			path = XLsn0wFilterMenu;
			sourceTree = "<group>";
		};
		357AE6C31DACD22A006BEB7A /* KeyBoardHepler */ = {
			isa = PBXGroup;
			children = (
				357AE6C41DACD22A006BEB7A /* KeyBoardHepler.h */,
				357AE6C51DACD22A006BEB7A /* KeyBoardHepler.m */,
			);
			path = KeyBoardHepler;
			sourceTree = "<group>";
		};
		357AE6C71DACD2CB006BEB7A /* XLsn0wControls */ = {
			isa = PBXGroup;
			children = (
				357AE6D31DACD2CB006BEB7A /* XLsn0wControls.h */,
				357AE6C81DACD2CB006BEB7A /* UIButton */,
				357AE6CD1DACD2CB006BEB7A /* UITextView */,
				357AE6D01DACD2CB006BEB7A /* UIWindow */,
			);
			path = XLsn0wControls;
			sourceTree = "<group>";
		};
		357AE6C81DACD2CB006BEB7A /* UIButton */ = {
			isa = PBXGroup;
			children = (
				357AE6C91DACD2CB006BEB7A /* UIButton+ImageTitleLayout.h */,
				357AE6CA1DACD2CB006BEB7A /* UIButton+ImageTitleLayout.m */,
				357AE6CB1DACD2CB006BEB7A /* UIButton+XLsn0wBadge.h */,
				357AE6CC1DACD2CB006BEB7A /* UIButton+XLsn0wBadge.m */,
			);
			path = UIButton;
			sourceTree = "<group>";
		};
		357AE6CD1DACD2CB006BEB7A /* UITextView */ = {
			isa = PBXGroup;
			children = (
				357AE6CE1DACD2CB006BEB7A /* XLsn0wTextView.h */,
				357AE6CF1DACD2CB006BEB7A /* XLsn0wTextView.m */,
			);
			path = UITextView;
			sourceTree = "<group>";
		};
		357AE6D01DACD2CB006BEB7A /* UIWindow */ = {
			isa = PBXGroup;
			children = (
				357AE6D11DACD2CB006BEB7A /* XLsn0w3DHierarchyWindow.h */,
				357AE6D21DACD2CB006BEB7A /* XLsn0w3DHierarchyWindow.m */,
			);
			path = UIWindow;
			sourceTree = "<group>";
		};
		358D3ED11D7AE27E00ADE778 = {
			isa = PBXGroup;
			children = (
				352DE7401D7D5E9700C5E109 /* XLsn0w */,
				358D3EDC1D7AE27E00ADE778 /* XLsn0wKit */,
				358D3EDB1D7AE27E00ADE778 /* Products */,
				83A1746A7153A281C456D6D0 /* Pods */,
				2D2599D79D90B3123E9786A0 /* Frameworks */,
			);
			sourceTree = "<group>";
		};
		358D3EDB1D7AE27E00ADE778 /* Products */ = {
			isa = PBXGroup;
			children = (
				358D3EDA1D7AE27E00ADE778 /* XLsn0wKit.app */,
			);
			name = Products;
			sourceTree = "<group>";
		};
		358D3EDC1D7AE27E00ADE778 /* XLsn0wKit */ = {
			isa = PBXGroup;
			children = (
				358D3EE01D7AE27E00ADE778 /* AppDelegate.h */,
				358D3EE11D7AE27E00ADE778 /* AppDelegate.m */,
				358D3EE31D7AE27E00ADE778 /* ViewController.h */,
				356DD8C41D8546AC000BDB95 /* ViewController.m */,
				356DD8C51D8546AC000BDB95 /* Main.storyboard */,
				358D3EE91D7AE27E00ADE778 /* Assets.xcassets */,
				358D3EEB1D7AE27E00ADE778 /* LaunchScreen.storyboard */,
				358D3EEE1D7AE27E00ADE778 /* Info.plist */,
				358D3EDD1D7AE27E00ADE778 /* Supporting Files */,
			);
			path = XLsn0wKit;
			sourceTree = "<group>";
		};
		358D3EDD1D7AE27E00ADE778 /* Supporting Files */ = {
			isa = PBXGroup;
			children = (
				358D3EDE1D7AE27E00ADE778 /* main.m */,
			);
			name = "Supporting Files";
			sourceTree = "<group>";
		};
		35A78C511DAB7F6D00D9D180 /* XLsn0wInstanceMethods */ = {
			isa = PBXGroup;
			children = (
				35A78C571DAB7FA200D9D180 /* XLsn0wInstanceMethods.h */,
				35A78C561DAB7FA200D9D180 /* XLsn0wInstanceMethods.m */,
			);
			path = XLsn0wInstanceMethods;
			sourceTree = "<group>";
		};
		35A78C521DAB7F7900D9D180 /* XLsn0wClassMethods */ = {
			isa = PBXGroup;
			children = (
				35A78C541DAB7F9200D9D180 /* XLsn0wClassMethods.h */,
				35A78C531DAB7F9200D9D180 /* XLsn0wClassMethods.m */,
			);
			path = XLsn0wClassMethods;
			sourceTree = "<group>";
		};
		35A78C591DAB809000D9D180 /* XLsn0wComponents */ = {
			isa = PBXGroup;
			children = (
				35A78C8C1DAB809000D9D180 /* XLsn0wComponents.h */,
				3547EA9E1DD45D4D00F7648A /* XLsn0wGuidePager */,
				355CD5A81DCEF9A500AD8096 /* XLsn0wFilterMenu */,
				35AD5F7B1DC8D2350072EDDC /* XLsn0wQRCodeReader */,
				35C0DB561DB8B760009BCF8A /* XLsn0wSegmentedBar */,
				35C3A5BF1DB64F7800CB3331 /* XLsn0wStarRating */,
				357AE6C71DACD2CB006BEB7A /* XLsn0wControls */,
				357AE6C31DACD22A006BEB7A /* KeyBoardHepler */,
				35A78C5A1DAB809000D9D180 /* ClearCacheTool */,
				35A78C5D1DAB809000D9D180 /* LanguagesManager */,
				35A78C621DAB809000D9D180 /* QRCodeTool */,
				35A78C681DAB809000D9D180 /* RegExTool */,
				35A78C6B1DAB809000D9D180 /* UpdateVersionTool */,
				35A78C6E1DAB809000D9D180 /* XLsn0wAutoLayout */,
				35A78C731DAB809000D9D180 /* XLsn0wCollectionViewFlowLayout */,
				35A78C791DAB809000D9D180 /* XLsn0wQRCode */,
				35A78C821DAB809000D9D180 /* XLsn0wRefresh */,
			);
			path = XLsn0wComponents;
			sourceTree = "<group>";
		};
		35A78C5A1DAB809000D9D180 /* ClearCacheTool */ = {
			isa = PBXGroup;
			children = (
				35A78C5B1DAB809000D9D180 /* ClearCacheTool.h */,
				35A78C5C1DAB809000D9D180 /* ClearCacheTool.m */,
			);
			path = ClearCacheTool;
			sourceTree = "<group>";
		};
		35A78C5D1DAB809000D9D180 /* LanguagesManager */ = {
			isa = PBXGroup;
			children = (
				35A78C5E1DAB809000D9D180 /* IMYLanguageManager.h */,
				35A78C5F1DAB809000D9D180 /* IMYLanguageManager.m */,
				35A78C601DAB809000D9D180 /* LanguagesManager.h */,
				35A78C611DAB809000D9D180 /* LanguagesManager.m */,
			);
			path = LanguagesManager;
			sourceTree = "<group>";
		};
		35A78C621DAB809000D9D180 /* QRCodeTool */ = {
			isa = PBXGroup;
			children = (
				35A78C631DAB809000D9D180 /* QRCodeTool.h */,
				35A78C641DAB809000D9D180 /* QRCodeTool.m */,
			);
			path = QRCodeTool;
			sourceTree = "<group>";
		};
		35A78C681DAB809000D9D180 /* RegExTool */ = {
			isa = PBXGroup;
			children = (
				35A78C691DAB809000D9D180 /* RegExTool.h */,
				35A78C6A1DAB809000D9D180 /* RegExTool.m */,
			);
			path = RegExTool;
			sourceTree = "<group>";
		};
		35A78C6B1DAB809000D9D180 /* UpdateVersionTool */ = {
			isa = PBXGroup;
			children = (
				35A78C6C1DAB809000D9D180 /* UpdateVersionTool.h */,
				35A78C6D1DAB809000D9D180 /* UpdateVersionTool.m */,
			);
			path = UpdateVersionTool;
			sourceTree = "<group>";
		};
		35A78C6E1DAB809000D9D180 /* XLsn0wAutoLayout */ = {
			isa = PBXGroup;
			children = (
				35A78C6F1DAB809000D9D180 /* UITableView+XLsn0wAutoLayoutCellHeight.h */,
				35A78C701DAB809000D9D180 /* UITableView+XLsn0wAutoLayoutCellHeight.m */,
				35A78C711DAB809000D9D180 /* UIView+XLsn0wAutoLayout.h */,
				35A78C721DAB809000D9D180 /* UIView+XLsn0wAutoLayout.m */,
			);
			path = XLsn0wAutoLayout;
			sourceTree = "<group>";
		};
		35A78C731DAB809000D9D180 /* XLsn0wCollectionViewFlowLayout */ = {
			isa = PBXGroup;
			children = (
				35A78C741DAB809000D9D180 /* XLsn0wCollectionViewFlowLayout.h */,
				35A78C751DAB809000D9D180 /* XLsn0wCollectionViewFlowLayout.m */,
			);
			path = XLsn0wCollectionViewFlowLayout;
			sourceTree = "<group>";
		};
		35A78C791DAB809000D9D180 /* XLsn0wQRCode */ = {
			isa = PBXGroup;
			children = (
				35A78C7A1DAB809000D9D180 /* ScanQRCodeView.h */,
				35A78C7B1DAB809000D9D180 /* ScanQRCodeView.m */,
				35A78C7C1DAB809000D9D180 /* ScanSuccessJumpVC.h */,
				35A78C7D1DAB809000D9D180 /* ScanSuccessJumpVC.m */,
				35A78C7E1DAB809000D9D180 /* SGGenerateQRCodeVC.h */,
				35A78C7F1DAB809000D9D180 /* SGGenerateQRCodeVC.m */,
				35A78C801DAB809000D9D180 /* XLsn0wQRCodeViewController.h */,
				35A78C811DAB809000D9D180 /* XLsn0wQRCodeViewController.m */,
			);
			path = XLsn0wQRCode;
			sourceTree = "<group>";
		};
		35A78C821DAB809000D9D180 /* XLsn0wRefresh */ = {
			isa = PBXGroup;
			children = (
				35A78C831DAB809000D9D180 /* Refresh.h */,
				35A78C841DAB809000D9D180 /* UIView+XLsn0wKit.h */,
				35A78C851DAB809000D9D180 /* UIView+XLsn0wKit.m */,
				35A78C861DAB809000D9D180 /* XLsn0wRefresh.h */,
				35A78C871DAB809000D9D180 /* XLsn0wRefresh.m */,
				35A78C881DAB809000D9D180 /* XLsn0wRefreshFooter.h */,
				35A78C891DAB809000D9D180 /* XLsn0wRefreshFooter.m */,
				35A78C8A1DAB809000D9D180 /* XLsn0wRefreshHeader.h */,
				35A78C8B1DAB809000D9D180 /* XLsn0wRefreshHeader.m */,
			);
			path = XLsn0wRefresh;
			sourceTree = "<group>";
		};
		35AD5F7B1DC8D2350072EDDC /* XLsn0wQRCodeReader */ = {
			isa = PBXGroup;
			children = (
				35AD5F7E1DC8D2350072EDDC /* XLsn0wQRCodeReader.h */,
				35AD5F7F1DC8D2350072EDDC /* XLsn0wQRCodeReader.m */,
				35AD5F7C1DC8D2350072EDDC /* QRCodeReaderSupport.h */,
				35AD5F7D1DC8D2350072EDDC /* QRCodeReaderSupport.m */,
			);
			path = XLsn0wQRCodeReader;
			sourceTree = "<group>";
		};
		35C0DB561DB8B760009BCF8A /* XLsn0wSegmentedBar */ = {
			isa = PBXGroup;
			children = (
				357AE0AC1DB8F28200B87510 /* XLsn0wSegmentedBar.h */,
				357AE0AD1DB8F28200B87510 /* XLsn0wSegmentedBar.m */,
			);
			path = XLsn0wSegmentedBar;
			sourceTree = "<group>";
		};
		35C3A5BF1DB64F7800CB3331 /* XLsn0wStarRating */ = {
			isa = PBXGroup;
			children = (
				35C3A5C01DB64F7800CB3331 /* XLsn0wStarRating.h */,
				35C3A5C11DB64F7800CB3331 /* XLsn0wStarRating.m */,
			);
			path = XLsn0wStarRating;
			sourceTree = "<group>";
		};
		83A1746A7153A281C456D6D0 /* Pods */ = {
			isa = PBXGroup;
			children = (
				F02FD23F26D498B42704CE47 /* Pods.debug.xcconfig */,
				470392E18AAF29458E4F8E2C /* Pods.release.xcconfig */,
			);
			name = Pods;
			sourceTree = "<group>";
		};
/* End PBXGroup section */

/* Begin PBXNativeTarget section */
		358D3ED91D7AE27E00ADE778 /* XLsn0wKit */ = {
			isa = PBXNativeTarget;
			buildConfigurationList = 358D3EF11D7AE27E00ADE778 /* Build configuration list for PBXNativeTarget "XLsn0wKit" */;
			buildPhases = (
				6C56C8EEDCB5C970CEE23B63 /* Check Pods Manifest.lock */,
				358D3ED61D7AE27E00ADE778 /* Sources */,
				358D3ED71D7AE27E00ADE778 /* Frameworks */,
				358D3ED81D7AE27E00ADE778 /* Resources */,
				4C3EB63072E99CD7253999BB /* Embed Pods Frameworks */,
				F27FB8605FBFF192340EF3F8 /* Copy Pods Resources */,
			);
			buildRules = (
			);
			dependencies = (
			);
			name = XLsn0wKit;
			productName = XLsn0wKit;
			productReference = 358D3EDA1D7AE27E00ADE778 /* XLsn0wKit.app */;
			productType = "com.apple.product-type.application";
		};
/* End PBXNativeTarget section */

/* Begin PBXProject section */
		358D3ED21D7AE27E00ADE778 /* Project object */ = {
			isa = PBXProject;
			attributes = {
				LastUpgradeCheck = 0730;
				ORGANIZATIONNAME = XLsn0w;
				TargetAttributes = {
					358D3ED91D7AE27E00ADE778 = {
						CreatedOnToolsVersion = 7.3.1;
						DevelopmentTeam = TJFMNSFT3H;
					};
				};
			};
			buildConfigurationList = 358D3ED51D7AE27E00ADE778 /* Build configuration list for PBXProject "XLsn0wKit" */;
			compatibilityVersion = "Xcode 3.2";
			developmentRegion = English;
			hasScannedForEncodings = 0;
			knownRegions = (
				en,
				Base,
			);
			mainGroup = 358D3ED11D7AE27E00ADE778;
			productRefGroup = 358D3EDB1D7AE27E00ADE778 /* Products */;
			projectDirPath = "";
			projectRoot = "";
			targets = (
				358D3ED91D7AE27E00ADE778 /* XLsn0wKit */,
			);
		};
/* End PBXProject section */

/* Begin PBXResourcesBuildPhase section */
		358D3ED81D7AE27E00ADE778 /* Resources */ = {
			isa = PBXResourcesBuildPhase;
			buildActionMask = 2147483647;
			files = (
				352DE7971D7D5EFD00C5E109 /* XLsn0wKit.bundle in Resources */,
				356DD8C71D8546AC000BDB95 /* Main.storyboard in Resources */,
				358D3EED1D7AE27E00ADE778 /* LaunchScreen.storyboard in Resources */,
				352DE78F1D7D5E9700C5E109 /* XLsn0wKit.podspec in Resources */,
				358D3EEA1D7AE27E00ADE778 /* Assets.xcassets in Resources */,
			);
			runOnlyForDeploymentPostprocessing = 0;
		};
/* End PBXResourcesBuildPhase section */

/* Begin PBXShellScriptBuildPhase section */
		4C3EB63072E99CD7253999BB /* Embed Pods Frameworks */ = {
			isa = PBXShellScriptBuildPhase;
			buildActionMask = 2147483647;
			files = (
			);
			inputPaths = (
			);
			name = "Embed Pods Frameworks";
			outputPaths = (
			);
			runOnlyForDeploymentPostprocessing = 0;
			shellPath = /bin/sh;
			shellScript = "\"${SRCROOT}/Pods/Target Support Files/Pods/Pods-frameworks.sh\"\n";
			showEnvVarsInLog = 0;
		};
		6C56C8EEDCB5C970CEE23B63 /* Check Pods Manifest.lock */ = {
			isa = PBXShellScriptBuildPhase;
			buildActionMask = 2147483647;
			files = (
			);
			inputPaths = (
			);
			name = "Check Pods Manifest.lock";
			outputPaths = (
			);
			runOnlyForDeploymentPostprocessing = 0;
			shellPath = /bin/sh;
			shellScript = "diff \"${PODS_ROOT}/../Podfile.lock\" \"${PODS_ROOT}/Manifest.lock\" > /dev/null\nif [[ $? != 0 ]] ; then\n    cat << EOM\nerror: The sandbox is not in sync with the Podfile.lock. Run 'pod install' or update your CocoaPods installation.\nEOM\n    exit 1\nfi\n";
			showEnvVarsInLog = 0;
		};
		F27FB8605FBFF192340EF3F8 /* Copy Pods Resources */ = {
			isa = PBXShellScriptBuildPhase;
			buildActionMask = 2147483647;
			files = (
			);
			inputPaths = (
			);
			name = "Copy Pods Resources";
			outputPaths = (
			);
			runOnlyForDeploymentPostprocessing = 0;
			shellPath = /bin/sh;
			shellScript = "\"${SRCROOT}/Pods/Target Support Files/Pods/Pods-resources.sh\"\n";
			showEnvVarsInLog = 0;
		};
/* End PBXShellScriptBuildPhase section */

/* Begin PBXSourcesBuildPhase section */
		358D3ED61D7AE27E00ADE778 /* Sources */ = {
			isa = PBXSourcesBuildPhase;
			buildActionMask = 2147483647;
			files = (
				35A78C9D1DAB809000D9D180 /* XLsn0wRefresh.m in Sources */,
				35A78C551DAB7F9200D9D180 /* XLsn0wClassMethods.m in Sources */,
				35A78C931DAB809000D9D180 /* UpdateVersionTool.m in Sources */,
				35A78C981DAB809000D9D180 /* ScanQRCodeView.m in Sources */,
				35A78C8D1DAB809000D9D180 /* ClearCacheTool.m in Sources */,
				35A78C9E1DAB809000D9D180 /* XLsn0wRefreshFooter.m in Sources */,
				357AE6D71DACD2CB006BEB7A /* XLsn0w3DHierarchyWindow.m in Sources */,
				35A78C9F1DAB809000D9D180 /* XLsn0wRefreshHeader.m in Sources */,
				355CD5AB1DCEF9A500AD8096 /* XLsn0wFilterMenu.m in Sources */,
				35AD5F801DC8D2350072EDDC /* QRCodeReaderSupport.m in Sources */,
				35A78C901DAB809000D9D180 /* QRCodeTool.m in Sources */,
				35A78C951DAB809000D9D180 /* UIView+XLsn0wAutoLayout.m in Sources */,
				357AE6D51DACD2CB006BEB7A /* UIButton+XLsn0wBadge.m in Sources */,
				35AD5F811DC8D2350072EDDC /* XLsn0wQRCodeReader.m in Sources */,
				357AE0AE1DB8F28200B87510 /* XLsn0wSegmentedBar.m in Sources */,
				357AE6D41DACD2CB006BEB7A /* UIButton+ImageTitleLayout.m in Sources */,
				35A78C9B1DAB809000D9D180 /* XLsn0wQRCodeViewController.m in Sources */,
				358D3EE21D7AE27E00ADE778 /* AppDelegate.m in Sources */,
				356DD8C61D8546AC000BDB95 /* ViewController.m in Sources */,
				35A78C9A1DAB809000D9D180 /* SGGenerateQRCodeVC.m in Sources */,
				358D3EDF1D7AE27E00ADE778 /* main.m in Sources */,
				35A78C991DAB809000D9D180 /* ScanSuccessJumpVC.m in Sources */,
				3527DF3F1DBDFCF20097A085 /* XLsn0wAnimation.m in Sources */,
				35A78C9C1DAB809000D9D180 /* UIView+XLsn0wKit.m in Sources */,
				3547EAA81DD4648C00F7648A /* XLsn0wGuidePager.m in Sources */,
				357AE6D61DACD2CB006BEB7A /* XLsn0wTextView.m in Sources */,
				35A78C8F1DAB809000D9D180 /* LanguagesManager.m in Sources */,
				35A78C961DAB809000D9D180 /* XLsn0wCollectionViewFlowLayout.m in Sources */,
				35A78C8E1DAB809000D9D180 /* IMYLanguageManager.m in Sources */,
				35C3A5C21DB64F7800CB3331 /* XLsn0wStarRating.m in Sources */,
				35A78C581DAB7FA200D9D180 /* XLsn0wInstanceMethods.m in Sources */,
				357AE6C61DACD22A006BEB7A /* KeyBoardHepler.m in Sources */,
				35A78C921DAB809000D9D180 /* RegExTool.m in Sources */,
				35A78C941DAB809000D9D180 /* UITableView+XLsn0wAutoLayoutCellHeight.m in Sources */,
			);
			runOnlyForDeploymentPostprocessing = 0;
		};
/* End PBXSourcesBuildPhase section */

/* Begin PBXVariantGroup section */
		358D3EEB1D7AE27E00ADE778 /* LaunchScreen.storyboard */ = {
			isa = PBXVariantGroup;
			children = (
				358D3EEC1D7AE27E00ADE778 /* Base */,
			);
			name = LaunchScreen.storyboard;
			sourceTree = "<group>";
		};
/* End PBXVariantGroup section */

/* Begin XCBuildConfiguration section */
		358D3EEF1D7AE27E00ADE778 /* Debug */ = {
			isa = XCBuildConfiguration;
			buildSettings = {
				ALWAYS_SEARCH_USER_PATHS = NO;
				CLANG_ANALYZER_NONNULL = YES;
				CLANG_CXX_LANGUAGE_STANDARD = "gnu++0x";
				CLANG_CXX_LIBRARY = "libc++";
				CLANG_ENABLE_MODULES = YES;
				CLANG_ENABLE_OBJC_ARC = YES;
				CLANG_WARN_BOOL_CONVERSION = YES;
				CLANG_WARN_CONSTANT_CONVERSION = YES;
				CLANG_WARN_DIRECT_OBJC_ISA_USAGE = YES_ERROR;
				CLANG_WARN_EMPTY_BODY = YES;
				CLANG_WARN_ENUM_CONVERSION = YES;
				CLANG_WARN_INT_CONVERSION = YES;
				CLANG_WARN_OBJC_ROOT_CLASS = YES_ERROR;
				CLANG_WARN_UNREACHABLE_CODE = YES;
				CLANG_WARN__DUPLICATE_METHOD_MATCH = YES;
				"CODE_SIGN_IDENTITY[sdk=iphoneos*]" = "iPhone Developer";
				COPY_PHASE_STRIP = NO;
				DEBUG_INFORMATION_FORMAT = dwarf;
				ENABLE_STRICT_OBJC_MSGSEND = YES;
				ENABLE_TESTABILITY = YES;
				GCC_C_LANGUAGE_STANDARD = gnu99;
				GCC_DYNAMIC_NO_PIC = NO;
				GCC_NO_COMMON_BLOCKS = YES;
				GCC_OPTIMIZATION_LEVEL = 0;
				GCC_PREPROCESSOR_DEFINITIONS = (
					"DEBUG=1",
					"$(inherited)",
				);
				GCC_WARN_64_TO_32_BIT_CONVERSION = YES;
				GCC_WARN_ABOUT_RETURN_TYPE = YES_ERROR;
				GCC_WARN_UNDECLARED_SELECTOR = YES;
				GCC_WARN_UNINITIALIZED_AUTOS = YES_AGGRESSIVE;
				GCC_WARN_UNUSED_FUNCTION = YES;
				GCC_WARN_UNUSED_VARIABLE = YES;
				IPHONEOS_DEPLOYMENT_TARGET = 9.3;
				MTL_ENABLE_DEBUG_INFO = YES;
				ONLY_ACTIVE_ARCH = YES;
				SDKROOT = iphoneos;
				TARGETED_DEVICE_FAMILY = "1,2";
			};
			name = Debug;
		};
		358D3EF01D7AE27E00ADE778 /* Release */ = {
			isa = XCBuildConfiguration;
			buildSettings = {
				ALWAYS_SEARCH_USER_PATHS = NO;
				CLANG_ANALYZER_NONNULL = YES;
				CLANG_CXX_LANGUAGE_STANDARD = "gnu++0x";
				CLANG_CXX_LIBRARY = "libc++";
				CLANG_ENABLE_MODULES = YES;
				CLANG_ENABLE_OBJC_ARC = YES;
				CLANG_WARN_BOOL_CONVERSION = YES;
				CLANG_WARN_CONSTANT_CONVERSION = YES;
				CLANG_WARN_DIRECT_OBJC_ISA_USAGE = YES_ERROR;
				CLANG_WARN_EMPTY_BODY = YES;
				CLANG_WARN_ENUM_CONVERSION = YES;
				CLANG_WARN_INT_CONVERSION = YES;
				CLANG_WARN_OBJC_ROOT_CLASS = YES_ERROR;
				CLANG_WARN_UNREACHABLE_CODE = YES;
				CLANG_WARN__DUPLICATE_METHOD_MATCH = YES;
				"CODE_SIGN_IDENTITY[sdk=iphoneos*]" = "iPhone Developer";
				COPY_PHASE_STRIP = NO;
				DEBUG_INFORMATION_FORMAT = "dwarf-with-dsym";
				ENABLE_NS_ASSERTIONS = NO;
				ENABLE_STRICT_OBJC_MSGSEND = YES;
				GCC_C_LANGUAGE_STANDARD = gnu99;
				GCC_NO_COMMON_BLOCKS = YES;
				GCC_WARN_64_TO_32_BIT_CONVERSION = YES;
				GCC_WARN_ABOUT_RETURN_TYPE = YES_ERROR;
				GCC_WARN_UNDECLARED_SELECTOR = YES;
				GCC_WARN_UNINITIALIZED_AUTOS = YES_AGGRESSIVE;
				GCC_WARN_UNUSED_FUNCTION = YES;
				GCC_WARN_UNUSED_VARIABLE = YES;
				IPHONEOS_DEPLOYMENT_TARGET = 9.3;
				MTL_ENABLE_DEBUG_INFO = NO;
				SDKROOT = iphoneos;
				TARGETED_DEVICE_FAMILY = "1,2";
				VALIDATE_PRODUCT = YES;
			};
			name = Release;
		};
		358D3EF21D7AE27E00ADE778 /* Debug */ = {
			isa = XCBuildConfiguration;
			baseConfigurationReference = F02FD23F26D498B42704CE47 /* Pods.debug.xcconfig */;
			buildSettings = {
				ASSETCATALOG_COMPILER_APPICON_NAME = AppIcon;
				CODE_SIGN_IDENTITY = "iPhone Developer";
				"CODE_SIGN_IDENTITY[sdk=iphoneos*]" = "iPhone Developer";
				FRAMEWORK_SEARCH_PATHS = (
					"$(inherited)",
					"$(PROJECT_DIR)/XLsn0wClass/Frameworks",
					"$(PROJECT_DIR)/XLsn0w/Frameworks",
				);
				INFOPLIST_FILE = XLsn0wKit/Info.plist;
				IPHONEOS_DEPLOYMENT_TARGET = 7.0;
				LD_RUNPATH_SEARCH_PATHS = "$(inherited) @executable_path/Frameworks";
				PRODUCT_BUNDLE_IDENTIFIER = com.xlsn0w.XLsn0wKit;
				PRODUCT_NAME = "$(TARGET_NAME)";
				PROVISIONING_PROFILE = "";
				TARGETED_DEVICE_FAMILY = 1;
			};
			name = Debug;
		};
		358D3EF31D7AE27E00ADE778 /* Release */ = {
			isa = XCBuildConfiguration;
			baseConfigurationReference = 470392E18AAF29458E4F8E2C /* Pods.release.xcconfig */;
			buildSettings = {
				ASSETCATALOG_COMPILER_APPICON_NAME = AppIcon;
				CODE_SIGN_IDENTITY = "iPhone Developer";
				"CODE_SIGN_IDENTITY[sdk=iphoneos*]" = "iPhone Developer";
				FRAMEWORK_SEARCH_PATHS = (
					"$(inherited)",
					"$(PROJECT_DIR)/XLsn0wClass/Frameworks",
					"$(PROJECT_DIR)/XLsn0w/Frameworks",
				);
				INFOPLIST_FILE = XLsn0wKit/Info.plist;
				IPHONEOS_DEPLOYMENT_TARGET = 7.0;
				LD_RUNPATH_SEARCH_PATHS = "$(inherited) @executable_path/Frameworks";
				PRODUCT_BUNDLE_IDENTIFIER = com.xlsn0w.XLsn0wKit;
				PRODUCT_NAME = "$(TARGET_NAME)";
				PROVISIONING_PROFILE = "";
				TARGETED_DEVICE_FAMILY = 1;
			};
			name = Release;
		};
/* End XCBuildConfiguration section */

/* Begin XCConfigurationList section */
		358D3ED51D7AE27E00ADE778 /* Build configuration list for PBXProject "XLsn0wKit" */ = {
			isa = XCConfigurationList;
			buildConfigurations = (
				358D3EEF1D7AE27E00ADE778 /* Debug */,
				358D3EF01D7AE27E00ADE778 /* Release */,
			);
			defaultConfigurationIsVisible = 0;
			defaultConfigurationName = Release;
		};
		358D3EF11D7AE27E00ADE778 /* Build configuration list for PBXNativeTarget "XLsn0wKit" */ = {
			isa = XCConfigurationList;
			buildConfigurations = (
				358D3EF21D7AE27E00ADE778 /* Debug */,
				358D3EF31D7AE27E00ADE778 /* Release */,
			);
			defaultConfigurationIsVisible = 0;
			defaultConfigurationName = Release;
		};
/* End XCConfigurationList section */
	};
	rootObject = 358D3ED21D7AE27E00ADE778 /* Project object */;
}
